
Microsoft Visual Studio Solution File, Format Version 12.00
# Visual Studio Version 17
VisualStudioVersion = 17.8.34601.278
MinimumVisualStudioVersion = 10.0.40219.1
Project("{9A19103F-16F7-4668-BE54-9A1E7A4F7556}") = "project_01_Two Sum", "project_01_Two Sum\project_01_Two Sum.csproj", "{E98F266B-21C9-478F-9257-73D63C207284}"
EndProject
Project("{9A19103F-16F7-4668-BE54-9A1E7A4F7556}") = "project_02_AddTwoNumbers", "project_02_AddTwoNumbers\project_02_AddTwoNumbers.csproj", "{2B217CAF-B237-44E2-BFBD-8FB75C49F9EB}"
EndProject
Project("{9A19103F-16F7-4668-BE54-9A1E7A4F7556}") = "project_03_LongestSubstringWithoutRepeatingCharacters", "project_03_LongestSubstringWithoutRepeatingCharacters\project_03_LongestSubstringWithoutRepeatingCharacters.csproj", "{2F8EA0C1-AD69-460C-BE53-F2FF771DD711}"
EndProject
Project("{9A19103F-16F7-4668-BE54-9A1E7A4F7556}") = "project_01_Two Sum_2", "project_01_Two Sum_2\project_01_Two Sum_2.csproj", "{CA6FDFCE-369F-4A7E-8942-39CAB3833464}"
EndProject
Project("{9A19103F-16F7-4668-BE54-9A1E7A4F7556}") = "project_02_AddTwoNumbers_2", "project_02_AddTwoNumbers_2\project_02_AddTwoNumbers_2.csproj", "{F82D776A-19E5-4608-B3B5-C345750FB0EE}"
EndProject
Project("{9A19103F-16F7-4668-BE54-9A1E7A4F7556}") = "project_03_LongestSubstringWithoutRepeatingCharacters_2", "project_03_LongestSubstringWithoutRepeatingCharacters_2\project_03_LongestSubstringWithoutRepeatingCharacters_2.csproj", "{C8F9D8B0-BDEF-440A-9914-3E2057316E2F}"
EndProject
Project("{9A19103F-16F7-4668-BE54-9A1E7A4F7556}") = "project_03_LongestSubstringWithoutRepeatingCharacters_3", "project_03_LongestSubstringWithoutRepeatingCharacters_3\project_03_LongestSubstringWithoutRepeatingCharacters_3.csproj", "{1C04EE54-56E2-4BF5-919A-2FA5C431A0BB}"
EndProject
Project("{9A19103F-16F7-4668-BE54-9A1E7A4F7556}") = "project_04_MedianOfTwoSortedArrays", "project_04_MedianOfTwoSortedArrays\project_04_MedianOfTwoSortedArrays.csproj", "{9DEB8502-6DB6-4B2F-B599-CE7F1DDB29E9}"
EndProject
Project("{9A19103F-16F7-4668-BE54-9A1E7A4F7556}") = "project_05_LongestPalindromicSubstring", "project_05_LongestPalindromicSubstring\project_05_LongestPalindromicSubstring.csproj", "{9CB66242-1BFA-498B-B8CD-20BAF6CD0854}"
EndProject
Project("{9A19103F-16F7-4668-BE54-9A1E7A4F7556}") = "project_06_ZigzagConversion", "project_06_ZigzagConversion\project_06_ZigzagConversion.csproj", "{FC9D8347-0D3F-484A-8CFD-B496D538FF37}"
EndProject
Project("{9A19103F-16F7-4668-BE54-9A1E7A4F7556}") = "project_05_LongestPalindromicSubstring_2", "project_05_LongestPalindromicSubstring_2\project_05_LongestPalindromicSubstring_2.csproj", "{F49045E5-0505-464E-A710-98D68DA2FC9D}"
EndProject
Project("{9A19103F-16F7-4668-BE54-9A1E7A4F7556}") = "project_05_LongestPalindromicSubstring_3", "project_05_LongestPalindromicSubstring_3\project_05_LongestPalindromicSubstring_3.csproj", "{EAC5EACB-DC11-444A-B5F5-C289A0D1DF1A}"
EndProject
Project("{9A19103F-16F7-4668-BE54-9A1E7A4F7556}") = "project_06_ZigzagConversion_2", "project_06_ZigzagConversion_2\project_06_ZigzagConversion_2.csproj", "{ACDF6DA1-0E4A-4D83-90E6-FFF44CCA2D41}"
EndProject
Project("{9A19103F-16F7-4668-BE54-9A1E7A4F7556}") = "project_06_ZigzagConversion_3", "project_06_ZigzagConversion_3\project_06_ZigzagConversion_3.csproj", "{41B2F6BA-843A-4CC3-B4F8-B95081BABC55}"
EndProject
Project("{9A19103F-16F7-4668-BE54-9A1E7A4F7556}") = "project_06_ZigzagConversion_4", "project_06_ZigzagConversion_4\project_06_ZigzagConversion_4.csproj", "{B655573F-69B1-46FE-9F17-0507DAF721FC}"
EndProject
Project("{9A19103F-16F7-4668-BE54-9A1E7A4F7556}") = "project_07_ReverseInteger", "project_07_ReverseInteger\project_07_ReverseInteger.csproj", "{37403E5E-AEFA-4825-B429-57EE134D4F93}"
EndProject
Project("{9A19103F-16F7-4668-BE54-9A1E7A4F7556}") = "project_07_ReverseInteger_2", "project_07_ReverseInteger_2\project_07_ReverseInteger_2.csproj", "{CFF2CF78-3D93-4618-8BCC-B0879EB99AC0}"
EndProject
Project("{9A19103F-16F7-4668-BE54-9A1E7A4F7556}") = "project_07_ReverseInteger_3", "project_07_ReverseInteger_3\project_07_ReverseInteger_3.csproj", "{83311989-E419-4255-90E8-2094D013DEFD}"
EndProject
Project("{9A19103F-16F7-4668-BE54-9A1E7A4F7556}") = "project_07_ReverseInteger_4", "project_07_ReverseInteger_4\project_07_ReverseInteger_4.csproj", "{6FE5D6FC-4A45-4541-8488-1186FCEF8C1D}"
EndProject
Project("{9A19103F-16F7-4668-BE54-9A1E7A4F7556}") = "project_07_ReverseInteger_5", "project_07_ReverseInteger_5\project_07_ReverseInteger_5.csproj", "{08E76D40-F363-4EB7-ABF0-C36B1194EAE0}"
EndProject
Project("{9A19103F-16F7-4668-BE54-9A1E7A4F7556}") = "project_07_ReverseInteger_6", "project_07_ReverseInteger_6\project_07_ReverseInteger_6.csproj", "{004CC750-423D-4F45-8EF0-B1B588CD91DE}"
EndProject
Project("{9A19103F-16F7-4668-BE54-9A1E7A4F7556}") = "project_08_StringToInteger (atoi)", "project_08_StringToInteger (atoi)\project_08_StringToInteger (atoi).csproj", "{D1C5EFF6-BCAE-4535-A3EC-24DB2B3DEC3A}"
EndProject
Project("{9A19103F-16F7-4668-BE54-9A1E7A4F7556}") = "project_08_StringToInteger (atoi)_2", "project_08_StringToInteger (atoi)_2\project_08_StringToInteger (atoi)_2.csproj", "{979E03B0-2FAD-4E3A-9366-7B081462D31D}"
EndProject
Project("{9A19103F-16F7-4668-BE54-9A1E7A4F7556}") = "project_09_PalindromeNumber", "project_09_PalindromeNumber\project_09_PalindromeNumber.csproj", "{4897B6EE-EAAE-44E6-83EB-7E33ED039942}"
EndProject
Project("{9A19103F-16F7-4668-BE54-9A1E7A4F7556}") = "project_09_PalindromeNumber_2", "project_09_PalindromeNumber_2\project_09_PalindromeNumber_2.csproj", "{3DCEE2A2-FE82-4C15-8661-E4D2CA6BC5A7}"
EndProject
Project("{9A19103F-16F7-4668-BE54-9A1E7A4F7556}") = "project_10_RegularExpressionMatching", "project_10_RegularExpressionMatching\project_10_RegularExpressionMatching.csproj", "{5B5BED20-AD0B-4C00-A962-C4A1EE617DC2}"
EndProject
Project("{9A19103F-16F7-4668-BE54-9A1E7A4F7556}") = "project_10_RegularExpressionMatchin_2", "project_10_RegularExpressionMatchin_2\project_10_RegularExpressionMatchin_2.csproj", "{771F5E5F-2080-46F2-9BF4-DE5984306841}"
EndProject
Project("{9A19103F-16F7-4668-BE54-9A1E7A4F7556}") = "project_11_ContainerWithMostWater", "project_11_ContainerWithMostWater\project_11_ContainerWithMostWater.csproj", "{FD7D0912-EB03-4BA8-A75F-A84FAE4F992A}"
EndProject
Project("{9A19103F-16F7-4668-BE54-9A1E7A4F7556}") = "project_11_ContainerWithMostWater_2", "project_11_ContainerWithMostWater_2\project_11_ContainerWithMostWater_2.csproj", "{FFEFDE10-058B-4742-A75C-91F77C3BF31D}"
EndProject
Project("{9A19103F-16F7-4668-BE54-9A1E7A4F7556}") = "project_11_ContainerWithMostWater_3", "project_11_ContainerWithMostWater_3\project_11_ContainerWithMostWater_3.csproj", "{34CC1B52-9A8A-4D24-8C97-F5D2C5FFCE50}"
EndProject
Project("{9A19103F-16F7-4668-BE54-9A1E7A4F7556}") = "project_11_ContainerWithMostWater_4", "project_11_ContainerWithMostWater_4\project_11_ContainerWithMostWater_4.csproj", "{F4941738-8CD3-445E-98E1-5F312DC73CBA}"
EndProject
Project("{9A19103F-16F7-4668-BE54-9A1E7A4F7556}") = "project_11_ContainerWithMostWater_5", "project_11_ContainerWithMostWater_5\project_11_ContainerWithMostWater_5.csproj", "{EB434712-5624-4A64-BCFB-82DE20F63709}"
EndProject
Project("{9A19103F-16F7-4668-BE54-9A1E7A4F7556}") = "project_12_IntegerToRoman", "project_12_IntegerToRoman\project_12_IntegerToRoman.csproj", "{C4359485-FBB2-4C4C-90C2-FDD20A2A2E1D}"
EndProject
Project("{9A19103F-16F7-4668-BE54-9A1E7A4F7556}") = "project_12_IntegerToRoman_2", "project_12_IntegerToRoman_2\project_12_IntegerToRoman_2.csproj", "{1AD933F2-8F0A-492F-8BE7-BA3643DA71DE}"
EndProject
Project("{9A19103F-16F7-4668-BE54-9A1E7A4F7556}") = "project_12_IntegerToRoman_3", "project_12_IntegerToRoman_3\project_12_IntegerToRoman_3.csproj", "{A6F0DFB4-41A1-496B-832E-DE1ACC9B6C4B}"
EndProject
Project("{9A19103F-16F7-4668-BE54-9A1E7A4F7556}") = "project_13_ RomanToInteger", "project_13_ RomanToInteger\project_13_ RomanToInteger.csproj", "{71036589-889E-498C-B5EF-CB40082F6891}"
EndProject
Project("{9A19103F-16F7-4668-BE54-9A1E7A4F7556}") = "project_13_ RomanToInteger_2", "project_13_ RomanToInteger_2\project_13_ RomanToInteger_2.csproj", "{B88D87D6-DADE-4E33-B6F2-6DFC0B12D387}"
EndProject
Project("{9A19103F-16F7-4668-BE54-9A1E7A4F7556}") = "project_13_ RomanToInteger_3", "project_13_ RomanToInteger_3\project_13_ RomanToInteger_3.csproj", "{3162EAB2-A2BE-4E1B-AC9A-72CBA1D64558}"
EndProject
Project("{9A19103F-16F7-4668-BE54-9A1E7A4F7556}") = "project_14_LongestCommonPrefix", "project_14_LongestCommonPrefix\project_14_LongestCommonPrefix.csproj", "{BCF2C676-C6A2-4707-A839-21E90C7AD4B7}"
EndProject
Project("{9A19103F-16F7-4668-BE54-9A1E7A4F7556}") = "project_14_LongestCommonPrefix_2", "project_14_LongestCommonPrefix_2\project_14_LongestCommonPrefix_2.csproj", "{B7334A60-2CC0-4EEA-8600-1E4149C109FB}"
EndProject
Project("{9A19103F-16F7-4668-BE54-9A1E7A4F7556}") = "project_14_LongestCommonPrefix_3", "project_14_LongestCommonPrefix_3\project_14_LongestCommonPrefix_3.csproj", "{7DCDA596-DBE1-40FE-BD98-9ABF13AC2B4E}"
EndProject
Project("{9A19103F-16F7-4668-BE54-9A1E7A4F7556}") = "project_15_3Sum", "project_15_3Sum\project_15_3Sum.csproj", "{725D1F18-BBD8-4070-BE0F-D9738BAEA5A1}"
EndProject
Project("{9A19103F-16F7-4668-BE54-9A1E7A4F7556}") = "project_15_3Sum_2", "project_15_3Sum_2\project_15_3Sum_2.csproj", "{72D811B7-4FFB-439C-8750-67D165831EA3}"
EndProject
Project("{9A19103F-16F7-4668-BE54-9A1E7A4F7556}") = "project_15_3Sum_3", "project_15_3Sum_3\project_15_3Sum_3.csproj", "{AD8A8CC2-139B-40A1-BF04-A42E1D8465FD}"
EndProject
Project("{9A19103F-16F7-4668-BE54-9A1E7A4F7556}") = "project_16_3SumClosest", "project_16_3SumClosest\project_16_3SumClosest.csproj", "{5290C034-2CA2-4B94-8F90-100AD212A1EA}"
EndProject
Project("{9A19103F-16F7-4668-BE54-9A1E7A4F7556}") = "project_16_3SumClosest_2", "project_16_3SumClosest_2\project_16_3SumClosest_2.csproj", "{8C388D2D-94A1-478B-9312-97ADC1B7BECE}"
EndProject
Project("{9A19103F-16F7-4668-BE54-9A1E7A4F7556}") = "project_17_LetterCombinationsOfAPhoneNumber", "project_17_LetterCombinationsOfAPhoneNumber\project_17_LetterCombinationsOfAPhoneNumber.csproj", "{BF109F8A-F527-4E06-BE74-B25E50614AE7}"
EndProject
Project("{9A19103F-16F7-4668-BE54-9A1E7A4F7556}") = "project_17_LetterCombinationsOfAPhoneNumber_2", "project_17_LetterCombinationsOfAPhoneNumber_2\project_17_LetterCombinationsOfAPhoneNumber_2.csproj", "{A307571F-AF2E-476A-91D3-E7B525E033EA}"
EndProject
Project("{9A19103F-16F7-4668-BE54-9A1E7A4F7556}") = "project_17_LetterCombinationsOfAPhoneNumber_3", "project_17_LetterCombinationsOfAPhoneNumber_3\project_17_LetterCombinationsOfAPhoneNumber_3.csproj", "{66DFCB36-0676-414D-B896-AE8C593CE968}"
EndProject
Project("{9A19103F-16F7-4668-BE54-9A1E7A4F7556}") = "project_17_LetterCombinationsOfAPhoneNumber_4", "project_17_LetterCombinationsOfAPhoneNumber_4\project_17_LetterCombinationsOfAPhoneNumber_4.csproj", "{CBDB77CE-5833-441E-B6CC-07449472F6A4}"
EndProject
Project("{9A19103F-16F7-4668-BE54-9A1E7A4F7556}") = "project_17_LetterCombinationsOfAPhoneNumber_5", "project_17_LetterCombinationsOfAPhoneNumber_5\project_17_LetterCombinationsOfAPhoneNumber_5.csproj", "{00CD3DC0-6F56-4703-BA82-2239DB6BD9DE}"
EndProject
Project("{9A19103F-16F7-4668-BE54-9A1E7A4F7556}") = "project_17_LetterCombinationsOfAPhoneNumber_6", "project_17_LetterCombinationsOfAPhoneNumber_6\project_17_LetterCombinationsOfAPhoneNumber_6.csproj", "{E6A95125-5AA1-4AD3-AEC4-335077A98B1D}"
EndProject
Project("{9A19103F-16F7-4668-BE54-9A1E7A4F7556}") = "project_17_LetterCombinationsOfAPhoneNumber_7", "project_17_LetterCombinationsOfAPhoneNumber_7\project_17_LetterCombinationsOfAPhoneNumber_7.csproj", "{060739F6-54A5-48FC-91F1-EAF1AD028F35}"
EndProject
Project("{9A19103F-16F7-4668-BE54-9A1E7A4F7556}") = "project_17_LetterCombinationsOfAPhoneNumber_8", "project_17_LetterCombinationsOfAPhoneNumber_8\project_17_LetterCombinationsOfAPhoneNumber_8.csproj", "{7E4BFA7F-3443-435D-8F02-11357D26D99B}"
EndProject
Project("{9A19103F-16F7-4668-BE54-9A1E7A4F7556}") = "project_18_4Sum", "project_18_4Sum\project_18_4Sum.csproj", "{7792C227-0D33-4D9C-B841-AD8749FFAA5B}"
EndProject
Project("{9A19103F-16F7-4668-BE54-9A1E7A4F7556}") = "project_18_4Sum_2", "project_18_4Sum_2\project_18_4Sum_2.csproj", "{EA6BBE64-EA66-47CD-A1BB-5B3B769D417E}"
EndProject
Project("{9A19103F-16F7-4668-BE54-9A1E7A4F7556}") = "project_19_RemoveNthNodeFromEndOfList", "project_19_RemoveNthNodeFromEndOfList\project_19_RemoveNthNodeFromEndOfList.csproj", "{C32A15FA-3E92-47CC-9BC6-4B5582510D75}"
EndProject
Project("{9A19103F-16F7-4668-BE54-9A1E7A4F7556}") = "project_19_RemoveNthNodeFromEndOfList_2", "project_19_RemoveNthNodeFromEndOfList_2\project_19_RemoveNthNodeFromEndOfList_2.csproj", "{8BF405B2-CA2F-4A34-97DB-03C8255D1029}"
EndProject
Project("{9A19103F-16F7-4668-BE54-9A1E7A4F7556}") = "project_20_ValidParentheses", "project_20_ValidParentheses\project_20_ValidParentheses.csproj", "{96ED4188-C73B-407F-A898-16A23EBE181B}"
EndProject
Project("{9A19103F-16F7-4668-BE54-9A1E7A4F7556}") = "project_20_ValidParentheses_2", "project_20_ValidParentheses_2\project_20_ValidParentheses_2.csproj", "{DD48EF72-519E-4BFF-9A27-3B6B1F833B8D}"
EndProject
Project("{9A19103F-16F7-4668-BE54-9A1E7A4F7556}") = "project_20_ValidParentheses_3", "project_20_ValidParentheses_3\project_20_ValidParentheses_3.csproj", "{1E9A1A74-D00C-4747-B71F-9393884FF0D1}"
EndProject
Project("{9A19103F-16F7-4668-BE54-9A1E7A4F7556}") = "project_20_ValidParentheses_4", "project_20_ValidParentheses_4\project_20_ValidParentheses_4.csproj", "{B062A4E8-8371-4BEE-989B-890DF4AFE005}"
EndProject
Project("{9A19103F-16F7-4668-BE54-9A1E7A4F7556}") = "project_20_ValidParentheses_5", "project_20_ValidParentheses_5\project_20_ValidParentheses_5.csproj", "{95B5C76C-EE06-499A-8B6D-A5CF93A398DB}"
EndProject
Project("{9A19103F-16F7-4668-BE54-9A1E7A4F7556}") = "project_20_ValidParentheses_6", "project_20_ValidParentheses_6\project_20_ValidParentheses_6.csproj", "{6B663EF5-8EDF-4CD0-9DF2-1F213F54430F}"
EndProject
Project("{9A19103F-16F7-4668-BE54-9A1E7A4F7556}") = "project_21_MergeTwoSortedLists", "project_21_MergeTwoSortedLists\project_21_MergeTwoSortedLists.csproj", "{7B5FA7C4-7A89-4FB6-AD39-FD08D15865FC}"
EndProject
Project("{9A19103F-16F7-4668-BE54-9A1E7A4F7556}") = "project_21_MergeTwoSortedLists_2", "project_21_MergeTwoSortedLists_2\project_21_MergeTwoSortedLists_2.csproj", "{F09E91E5-8BB6-44D2-BE78-14A78FED20FF}"
EndProject
Project("{9A19103F-16F7-4668-BE54-9A1E7A4F7556}") = "project_20_ValidParentheses_7", "project_20_ValidParentheses_7\project_20_ValidParentheses_7.csproj", "{A2999A1A-97D7-4789-A64D-435E164E26A0}"
EndProject
Project("{9A19103F-16F7-4668-BE54-9A1E7A4F7556}") = "project_22_GenerateParentheses", "project_22_GenerateParentheses\project_22_GenerateParentheses.csproj", "{5F8D7470-18C8-44E5-8C7E-97B37BCBFA47}"
EndProject
Project("{9A19103F-16F7-4668-BE54-9A1E7A4F7556}") = "project_22_GenerateParentheses_2", "project_22_GenerateParentheses_2\project_22_GenerateParentheses_2.csproj", "{61BEDFC3-4CAE-4F0C-A6EB-5D0A29B0C8B3}"
EndProject
Project("{9A19103F-16F7-4668-BE54-9A1E7A4F7556}") = "project_22_GenerateParentheses_3", "project_22_GenerateParentheses_3\project_22_GenerateParentheses_3.csproj", "{0C116DE9-797E-4CBB-812F-5F3725C5C5C0}"
EndProject
Project("{9A19103F-16F7-4668-BE54-9A1E7A4F7556}") = "project_22_GenerateParentheses_4", "project_22_GenerateParentheses_4\project_22_GenerateParentheses_4.csproj", "{289231F1-E7F1-45CE-8F98-477D18756D58}"
EndProject
Project("{9A19103F-16F7-4668-BE54-9A1E7A4F7556}") = "project_23_MergekSortedLists", "project_23_MergekSortedLists\project_23_MergekSortedLists.csproj", "{080A3CD2-574E-4218-844D-AA30A5B3CCD7}"
EndProject
Project("{9A19103F-16F7-4668-BE54-9A1E7A4F7556}") = "project_02_AddTwoNumbers_3", "project_02_AddTwoNumbers_3\project_02_AddTwoNumbers_3.csproj", "{72EDDD1A-B00A-4D22-911D-02AC3E4E6CB4}"
EndProject
Project("{9A19103F-16F7-4668-BE54-9A1E7A4F7556}") = "project_02_AddTwoNumbers_4", "project_02_AddTwoNumbers_4\project_02_AddTwoNumbers_4.csproj", "{70672B78-6452-4378-A38F-66277FAC2CBD}"
EndProject
Project("{9A19103F-16F7-4668-BE54-9A1E7A4F7556}") = "project_02_AddTwoNumbers_5", "project_02_AddTwoNumbers_5\project_02_AddTwoNumbers_5.csproj", "{F82333E3-EF28-4F59-ABEC-B4EFEC0155D7}"
EndProject
Project("{9A19103F-16F7-4668-BE54-9A1E7A4F7556}") = "project_02_AddTwoNumbers_6", "project_02_AddTwoNumbers_6\project_02_AddTwoNumbers_6.csproj", "{DA7C1796-94ED-4958-83C0-06229F42A7BF}"
EndProject
Project("{9A19103F-16F7-4668-BE54-9A1E7A4F7556}") = "project_23_MergekSortedLists_2", "project_23_MergekSortedLists_2\project_23_MergekSortedLists_2.csproj", "{DEC0996A-CE64-40DE-957F-1CE52083A09D}"
EndProject
Project("{9A19103F-16F7-4668-BE54-9A1E7A4F7556}") = "project_24_SwapNodesInPairs", "project_24_SwapNodesInPairs\project_24_SwapNodesInPairs.csproj", "{1A578011-E3D5-4A28-9B3A-DAA307AC2D64}"
EndProject
Project("{9A19103F-16F7-4668-BE54-9A1E7A4F7556}") = "project_24_SwapNodesInPairs_2", "project_24_SwapNodesInPairs_2\project_24_SwapNodesInPairs_2.csproj", "{605953C5-9565-4A3F-817D-92262B485931}"
EndProject
Project("{9A19103F-16F7-4668-BE54-9A1E7A4F7556}") = "project_25_ReverseNodesInk-Group", "project_25_ReverseNodesInk-Group\project_25_ReverseNodesInk-Group.csproj", "{BA030602-4F99-440B-8A4F-68F92C632A3F}"
EndProject
Project("{9A19103F-16F7-4668-BE54-9A1E7A4F7556}") = "project_25_ReverseNodesInk-Group_2", "project_25_ReverseNodesInk-Group_2\project_25_ReverseNodesInk-Group_2.csproj", "{487A8B85-7923-4169-86DC-E0A008CF485F}"
EndProject
Project("{9A19103F-16F7-4668-BE54-9A1E7A4F7556}") = "project_25_ReverseNodesInk-Group_3", "project_25_ReverseNodesInk-Group_3\project_25_ReverseNodesInk-Group_3.csproj", "{CFC32C77-7EE8-4F4C-871C-E76EFFC5C7F3}"
EndProject
Project("{9A19103F-16F7-4668-BE54-9A1E7A4F7556}") = "project_26_RemoveDuplicatesFromSortedArray", "project_26_RemoveDuplicatesFromSortedArray\project_26_RemoveDuplicatesFromSortedArray.csproj", "{48318F77-E282-4AF9-853F-0E258659903A}"
EndProject
Project("{9A19103F-16F7-4668-BE54-9A1E7A4F7556}") = "project_26_RemoveDuplicatesFromSortedArray_2", "project_26_RemoveDuplicatesFromSortedArray_2\project_26_RemoveDuplicatesFromSortedArray_2.csproj", "{6D84768F-67A1-45AE-AF28-FAA4FC480F22}"
EndProject
Project("{9A19103F-16F7-4668-BE54-9A1E7A4F7556}") = "project_27_RemoveElement", "project_27_RemoveElement\project_27_RemoveElement.csproj", "{FA47CB09-E0E1-4CE2-9D5C-62192AE20615}"
EndProject
Project("{9A19103F-16F7-4668-BE54-9A1E7A4F7556}") = "project_27_RemoveElement_2", "project_27_RemoveElement_2\project_27_RemoveElement_2.csproj", "{2354D626-D3C9-4C03-B78D-000643CDE708}"
EndProject
Project("{9A19103F-16F7-4668-BE54-9A1E7A4F7556}") = "project_28_FindTheIndexOfTheFirstOccurrenceInAString", "project_28_FindTheIndexOfTheFirstOccurrenceInAString\project_28_FindTheIndexOfTheFirstOccurrenceInAString.csproj", "{2BD1C297-2104-4EFA-B6C5-F75192B5E260}"
EndProject
Project("{9A19103F-16F7-4668-BE54-9A1E7A4F7556}") = "project_29_DivideTwoIntegers", "project_29_DivideTwoIntegers\project_29_DivideTwoIntegers.csproj", "{E6609061-0B6D-4298-B761-EFBE3596E290}"
EndProject
Project("{9A19103F-16F7-4668-BE54-9A1E7A4F7556}") = "project_29_DivideTwoIntegers_2", "project_29_DivideTwoIntegers_2\project_29_DivideTwoIntegers_2.csproj", "{85E68A26-95B3-4BAA-91ED-816AAA258604}"
EndProject
Project("{9A19103F-16F7-4668-BE54-9A1E7A4F7556}") = "project_30_SubstringWithConcatenationOfAllWords", "project_30_SubstringWithConcatenationOfAllWords\project_30_SubstringWithConcatenationOfAllWords.csproj", "{C0BE2FC6-B954-4ECB-8504-5701ED690454}"
EndProject
Project("{9A19103F-16F7-4668-BE54-9A1E7A4F7556}") = "project_30_SubstringWithConcatenationOfAllWords_2", "project_30_SubstringWithConcatenationOfAllWords_2\project_30_SubstringWithConcatenationOfAllWords_2.csproj", "{FBD7E945-8851-433A-BB33-13207DA4171E}"
EndProject
Project("{9A19103F-16F7-4668-BE54-9A1E7A4F7556}") = "project_30_SubstringWithConcatenationOfAllWords_3", "project_30_SubstringWithConcatenationOfAllWords_3\project_30_SubstringWithConcatenationOfAllWords_3.csproj", "{6C4C5323-E27C-4FA3-B1AF-D151ED7B454B}"
EndProject
Project("{9A19103F-16F7-4668-BE54-9A1E7A4F7556}") = "project_31_Next Permutation", "project_31_Next Permutation\project_31_Next Permutation.csproj", "{7E38CF90-73D7-493A-BE71-3603DA6ADC1D}"
EndProject
Project("{9A19103F-16F7-4668-BE54-9A1E7A4F7556}") = "project_30_SubstringWithConcatenationOfAllWords_4", "project_30_SubstringWithConcatenationOfAllWords_4\project_30_SubstringWithConcatenationOfAllWords_4.csproj", "{7E451BB5-CD46-4DD5-90EB-7F36D9020AEE}"
EndProject
Project("{9A19103F-16F7-4668-BE54-9A1E7A4F7556}") = "project_31_Next Permutation_2", "project_31_Next Permutation_2\project_31_Next Permutation_2.csproj", "{2CC3E7A3-A0FF-44D3-9A59-1D6E377DA735}"
EndProject
Project("{9A19103F-16F7-4668-BE54-9A1E7A4F7556}") = "project_32_LongestValidParentheses", "project_32_LongestValidParentheses\project_32_LongestValidParentheses.csproj", "{9C7A7909-3715-4C46-8672-8A6EC89AF8DD}"
EndProject
Project("{9A19103F-16F7-4668-BE54-9A1E7A4F7556}") = "project_32_LongestValidParentheses_2", "project_32_LongestValidParentheses_2\project_32_LongestValidParentheses_2.csproj", "{5B84A38F-60E6-46B0-8400-075D1468D5EC}"
EndProject
Project("{9A19103F-16F7-4668-BE54-9A1E7A4F7556}") = "project_32_LongestValidParentheses_3", "project_32_LongestValidParentheses_3\project_32_LongestValidParentheses_3.csproj", "{5227E05C-B44D-4C30-B41F-B28C71F43B85}"
EndProject
Project("{FAE04EC0-301F-11D3-BF4B-00C04F79EFBC}") = "project_32_LongestValidParentheses_4", "project_32_LongestValidParentheses_4\project_32_LongestValidParentheses_4.csproj", "{D1EF2E01-EB93-4597-AF20-4E5E39796C64}"
EndProject
Global
	GlobalSection(SolutionConfigurationPlatforms) = preSolution
		Debug|Any CPU = Debug|Any CPU
		Release|Any CPU = Release|Any CPU
	EndGlobalSection
	GlobalSection(ProjectConfigurationPlatforms) = postSolution
		{E98F266B-21C9-478F-9257-73D63C207284}.Debug|Any CPU.ActiveCfg = Debug|Any CPU
		{E98F266B-21C9-478F-9257-73D63C207284}.Debug|Any CPU.Build.0 = Debug|Any CPU
		{E98F266B-21C9-478F-9257-73D63C207284}.Release|Any CPU.ActiveCfg = Release|Any CPU
		{E98F266B-21C9-478F-9257-73D63C207284}.Release|Any CPU.Build.0 = Release|Any CPU
		{2B217CAF-B237-44E2-BFBD-8FB75C49F9EB}.Debug|Any CPU.ActiveCfg = Debug|Any CPU
		{2B217CAF-B237-44E2-BFBD-8FB75C49F9EB}.Debug|Any CPU.Build.0 = Debug|Any CPU
		{2B217CAF-B237-44E2-BFBD-8FB75C49F9EB}.Release|Any CPU.ActiveCfg = Release|Any CPU
		{2B217CAF-B237-44E2-BFBD-8FB75C49F9EB}.Release|Any CPU.Build.0 = Release|Any CPU
		{2F8EA0C1-AD69-460C-BE53-F2FF771DD711}.Debug|Any CPU.ActiveCfg = Debug|Any CPU
		{2F8EA0C1-AD69-460C-BE53-F2FF771DD711}.Debug|Any CPU.Build.0 = Debug|Any CPU
		{2F8EA0C1-AD69-460C-BE53-F2FF771DD711}.Release|Any CPU.ActiveCfg = Release|Any CPU
		{2F8EA0C1-AD69-460C-BE53-F2FF771DD711}.Release|Any CPU.Build.0 = Release|Any CPU
		{CA6FDFCE-369F-4A7E-8942-39CAB3833464}.Debug|Any CPU.ActiveCfg = Debug|Any CPU
		{CA6FDFCE-369F-4A7E-8942-39CAB3833464}.Debug|Any CPU.Build.0 = Debug|Any CPU
		{CA6FDFCE-369F-4A7E-8942-39CAB3833464}.Release|Any CPU.ActiveCfg = Release|Any CPU
		{CA6FDFCE-369F-4A7E-8942-39CAB3833464}.Release|Any CPU.Build.0 = Release|Any CPU
		{F82D776A-19E5-4608-B3B5-C345750FB0EE}.Debug|Any CPU.ActiveCfg = Debug|Any CPU
		{F82D776A-19E5-4608-B3B5-C345750FB0EE}.Debug|Any CPU.Build.0 = Debug|Any CPU
		{F82D776A-19E5-4608-B3B5-C345750FB0EE}.Release|Any CPU.ActiveCfg = Release|Any CPU
		{F82D776A-19E5-4608-B3B5-C345750FB0EE}.Release|Any CPU.Build.0 = Release|Any CPU
		{C8F9D8B0-BDEF-440A-9914-3E2057316E2F}.Debug|Any CPU.ActiveCfg = Debug|Any CPU
		{C8F9D8B0-BDEF-440A-9914-3E2057316E2F}.Debug|Any CPU.Build.0 = Debug|Any CPU
		{C8F9D8B0-BDEF-440A-9914-3E2057316E2F}.Release|Any CPU.ActiveCfg = Release|Any CPU
		{C8F9D8B0-BDEF-440A-9914-3E2057316E2F}.Release|Any CPU.Build.0 = Release|Any CPU
		{1C04EE54-56E2-4BF5-919A-2FA5C431A0BB}.Debug|Any CPU.ActiveCfg = Debug|Any CPU
		{1C04EE54-56E2-4BF5-919A-2FA5C431A0BB}.Debug|Any CPU.Build.0 = Debug|Any CPU
		{1C04EE54-56E2-4BF5-919A-2FA5C431A0BB}.Release|Any CPU.ActiveCfg = Release|Any CPU
		{1C04EE54-56E2-4BF5-919A-2FA5C431A0BB}.Release|Any CPU.Build.0 = Release|Any CPU
		{9DEB8502-6DB6-4B2F-B599-CE7F1DDB29E9}.Debug|Any CPU.ActiveCfg = Debug|Any CPU
		{9DEB8502-6DB6-4B2F-B599-CE7F1DDB29E9}.Debug|Any CPU.Build.0 = Debug|Any CPU
		{9DEB8502-6DB6-4B2F-B599-CE7F1DDB29E9}.Release|Any CPU.ActiveCfg = Release|Any CPU
		{9DEB8502-6DB6-4B2F-B599-CE7F1DDB29E9}.Release|Any CPU.Build.0 = Release|Any CPU
		{9CB66242-1BFA-498B-B8CD-20BAF6CD0854}.Debug|Any CPU.ActiveCfg = Debug|Any CPU
		{9CB66242-1BFA-498B-B8CD-20BAF6CD0854}.Debug|Any CPU.Build.0 = Debug|Any CPU
		{9CB66242-1BFA-498B-B8CD-20BAF6CD0854}.Release|Any CPU.ActiveCfg = Release|Any CPU
		{9CB66242-1BFA-498B-B8CD-20BAF6CD0854}.Release|Any CPU.Build.0 = Release|Any CPU
		{FC9D8347-0D3F-484A-8CFD-B496D538FF37}.Debug|Any CPU.ActiveCfg = Debug|Any CPU
		{FC9D8347-0D3F-484A-8CFD-B496D538FF37}.Debug|Any CPU.Build.0 = Debug|Any CPU
		{FC9D8347-0D3F-484A-8CFD-B496D538FF37}.Release|Any CPU.ActiveCfg = Release|Any CPU
		{FC9D8347-0D3F-484A-8CFD-B496D538FF37}.Release|Any CPU.Build.0 = Release|Any CPU
		{F49045E5-0505-464E-A710-98D68DA2FC9D}.Debug|Any CPU.ActiveCfg = Debug|Any CPU
		{F49045E5-0505-464E-A710-98D68DA2FC9D}.Debug|Any CPU.Build.0 = Debug|Any CPU
		{F49045E5-0505-464E-A710-98D68DA2FC9D}.Release|Any CPU.ActiveCfg = Release|Any CPU
		{F49045E5-0505-464E-A710-98D68DA2FC9D}.Release|Any CPU.Build.0 = Release|Any CPU
		{EAC5EACB-DC11-444A-B5F5-C289A0D1DF1A}.Debug|Any CPU.ActiveCfg = Debug|Any CPU
		{EAC5EACB-DC11-444A-B5F5-C289A0D1DF1A}.Debug|Any CPU.Build.0 = Debug|Any CPU
		{EAC5EACB-DC11-444A-B5F5-C289A0D1DF1A}.Release|Any CPU.ActiveCfg = Release|Any CPU
		{EAC5EACB-DC11-444A-B5F5-C289A0D1DF1A}.Release|Any CPU.Build.0 = Release|Any CPU
		{ACDF6DA1-0E4A-4D83-90E6-FFF44CCA2D41}.Debug|Any CPU.ActiveCfg = Debug|Any CPU
		{ACDF6DA1-0E4A-4D83-90E6-FFF44CCA2D41}.Debug|Any CPU.Build.0 = Debug|Any CPU
		{ACDF6DA1-0E4A-4D83-90E6-FFF44CCA2D41}.Release|Any CPU.ActiveCfg = Release|Any CPU
		{ACDF6DA1-0E4A-4D83-90E6-FFF44CCA2D41}.Release|Any CPU.Build.0 = Release|Any CPU
		{41B2F6BA-843A-4CC3-B4F8-B95081BABC55}.Debug|Any CPU.ActiveCfg = Debug|Any CPU
		{41B2F6BA-843A-4CC3-B4F8-B95081BABC55}.Debug|Any CPU.Build.0 = Debug|Any CPU
		{41B2F6BA-843A-4CC3-B4F8-B95081BABC55}.Release|Any CPU.ActiveCfg = Release|Any CPU
		{41B2F6BA-843A-4CC3-B4F8-B95081BABC55}.Release|Any CPU.Build.0 = Release|Any CPU
		{B655573F-69B1-46FE-9F17-0507DAF721FC}.Debug|Any CPU.ActiveCfg = Debug|Any CPU
		{B655573F-69B1-46FE-9F17-0507DAF721FC}.Debug|Any CPU.Build.0 = Debug|Any CPU
		{B655573F-69B1-46FE-9F17-0507DAF721FC}.Release|Any CPU.ActiveCfg = Release|Any CPU
		{B655573F-69B1-46FE-9F17-0507DAF721FC}.Release|Any CPU.Build.0 = Release|Any CPU
		{37403E5E-AEFA-4825-B429-57EE134D4F93}.Debug|Any CPU.ActiveCfg = Debug|Any CPU
		{37403E5E-AEFA-4825-B429-57EE134D4F93}.Debug|Any CPU.Build.0 = Debug|Any CPU
		{37403E5E-AEFA-4825-B429-57EE134D4F93}.Release|Any CPU.ActiveCfg = Release|Any CPU
		{37403E5E-AEFA-4825-B429-57EE134D4F93}.Release|Any CPU.Build.0 = Release|Any CPU
		{CFF2CF78-3D93-4618-8BCC-B0879EB99AC0}.Debug|Any CPU.ActiveCfg = Debug|Any CPU
		{CFF2CF78-3D93-4618-8BCC-B0879EB99AC0}.Debug|Any CPU.Build.0 = Debug|Any CPU
		{CFF2CF78-3D93-4618-8BCC-B0879EB99AC0}.Release|Any CPU.ActiveCfg = Release|Any CPU
		{CFF2CF78-3D93-4618-8BCC-B0879EB99AC0}.Release|Any CPU.Build.0 = Release|Any CPU
		{83311989-E419-4255-90E8-2094D013DEFD}.Debug|Any CPU.ActiveCfg = Debug|Any CPU
		{83311989-E419-4255-90E8-2094D013DEFD}.Debug|Any CPU.Build.0 = Debug|Any CPU
		{83311989-E419-4255-90E8-2094D013DEFD}.Release|Any CPU.ActiveCfg = Release|Any CPU
		{83311989-E419-4255-90E8-2094D013DEFD}.Release|Any CPU.Build.0 = Release|Any CPU
		{6FE5D6FC-4A45-4541-8488-1186FCEF8C1D}.Debug|Any CPU.ActiveCfg = Debug|Any CPU
		{6FE5D6FC-4A45-4541-8488-1186FCEF8C1D}.Debug|Any CPU.Build.0 = Debug|Any CPU
		{6FE5D6FC-4A45-4541-8488-1186FCEF8C1D}.Release|Any CPU.ActiveCfg = Release|Any CPU
		{6FE5D6FC-4A45-4541-8488-1186FCEF8C1D}.Release|Any CPU.Build.0 = Release|Any CPU
		{08E76D40-F363-4EB7-ABF0-C36B1194EAE0}.Debug|Any CPU.ActiveCfg = Debug|Any CPU
		{08E76D40-F363-4EB7-ABF0-C36B1194EAE0}.Debug|Any CPU.Build.0 = Debug|Any CPU
		{08E76D40-F363-4EB7-ABF0-C36B1194EAE0}.Release|Any CPU.ActiveCfg = Release|Any CPU
		{08E76D40-F363-4EB7-ABF0-C36B1194EAE0}.Release|Any CPU.Build.0 = Release|Any CPU
		{004CC750-423D-4F45-8EF0-B1B588CD91DE}.Debug|Any CPU.ActiveCfg = Debug|Any CPU
		{004CC750-423D-4F45-8EF0-B1B588CD91DE}.Debug|Any CPU.Build.0 = Debug|Any CPU
		{004CC750-423D-4F45-8EF0-B1B588CD91DE}.Release|Any CPU.ActiveCfg = Release|Any CPU
		{004CC750-423D-4F45-8EF0-B1B588CD91DE}.Release|Any CPU.Build.0 = Release|Any CPU
		{D1C5EFF6-BCAE-4535-A3EC-24DB2B3DEC3A}.Debug|Any CPU.ActiveCfg = Debug|Any CPU
		{D1C5EFF6-BCAE-4535-A3EC-24DB2B3DEC3A}.Debug|Any CPU.Build.0 = Debug|Any CPU
		{D1C5EFF6-BCAE-4535-A3EC-24DB2B3DEC3A}.Release|Any CPU.ActiveCfg = Release|Any CPU
		{D1C5EFF6-BCAE-4535-A3EC-24DB2B3DEC3A}.Release|Any CPU.Build.0 = Release|Any CPU
		{979E03B0-2FAD-4E3A-9366-7B081462D31D}.Debug|Any CPU.ActiveCfg = Debug|Any CPU
		{979E03B0-2FAD-4E3A-9366-7B081462D31D}.Debug|Any CPU.Build.0 = Debug|Any CPU
		{979E03B0-2FAD-4E3A-9366-7B081462D31D}.Release|Any CPU.ActiveCfg = Release|Any CPU
		{979E03B0-2FAD-4E3A-9366-7B081462D31D}.Release|Any CPU.Build.0 = Release|Any CPU
		{4897B6EE-EAAE-44E6-83EB-7E33ED039942}.Debug|Any CPU.ActiveCfg = Debug|Any CPU
		{4897B6EE-EAAE-44E6-83EB-7E33ED039942}.Debug|Any CPU.Build.0 = Debug|Any CPU
		{4897B6EE-EAAE-44E6-83EB-7E33ED039942}.Release|Any CPU.ActiveCfg = Release|Any CPU
		{4897B6EE-EAAE-44E6-83EB-7E33ED039942}.Release|Any CPU.Build.0 = Release|Any CPU
		{3DCEE2A2-FE82-4C15-8661-E4D2CA6BC5A7}.Debug|Any CPU.ActiveCfg = Debug|Any CPU
		{3DCEE2A2-FE82-4C15-8661-E4D2CA6BC5A7}.Debug|Any CPU.Build.0 = Debug|Any CPU
		{3DCEE2A2-FE82-4C15-8661-E4D2CA6BC5A7}.Release|Any CPU.ActiveCfg = Release|Any CPU
		{3DCEE2A2-FE82-4C15-8661-E4D2CA6BC5A7}.Release|Any CPU.Build.0 = Release|Any CPU
		{5B5BED20-AD0B-4C00-A962-C4A1EE617DC2}.Debug|Any CPU.ActiveCfg = Debug|Any CPU
		{5B5BED20-AD0B-4C00-A962-C4A1EE617DC2}.Debug|Any CPU.Build.0 = Debug|Any CPU
		{5B5BED20-AD0B-4C00-A962-C4A1EE617DC2}.Release|Any CPU.ActiveCfg = Release|Any CPU
		{5B5BED20-AD0B-4C00-A962-C4A1EE617DC2}.Release|Any CPU.Build.0 = Release|Any CPU
		{771F5E5F-2080-46F2-9BF4-DE5984306841}.Debug|Any CPU.ActiveCfg = Debug|Any CPU
		{771F5E5F-2080-46F2-9BF4-DE5984306841}.Debug|Any CPU.Build.0 = Debug|Any CPU
		{771F5E5F-2080-46F2-9BF4-DE5984306841}.Release|Any CPU.ActiveCfg = Release|Any CPU
		{771F5E5F-2080-46F2-9BF4-DE5984306841}.Release|Any CPU.Build.0 = Release|Any CPU
		{FD7D0912-EB03-4BA8-A75F-A84FAE4F992A}.Debug|Any CPU.ActiveCfg = Debug|Any CPU
		{FD7D0912-EB03-4BA8-A75F-A84FAE4F992A}.Debug|Any CPU.Build.0 = Debug|Any CPU
		{FD7D0912-EB03-4BA8-A75F-A84FAE4F992A}.Release|Any CPU.ActiveCfg = Release|Any CPU
		{FD7D0912-EB03-4BA8-A75F-A84FAE4F992A}.Release|Any CPU.Build.0 = Release|Any CPU
		{FFEFDE10-058B-4742-A75C-91F77C3BF31D}.Debug|Any CPU.ActiveCfg = Debug|Any CPU
		{FFEFDE10-058B-4742-A75C-91F77C3BF31D}.Debug|Any CPU.Build.0 = Debug|Any CPU
		{FFEFDE10-058B-4742-A75C-91F77C3BF31D}.Release|Any CPU.ActiveCfg = Release|Any CPU
		{FFEFDE10-058B-4742-A75C-91F77C3BF31D}.Release|Any CPU.Build.0 = Release|Any CPU
		{34CC1B52-9A8A-4D24-8C97-F5D2C5FFCE50}.Debug|Any CPU.ActiveCfg = Debug|Any CPU
		{34CC1B52-9A8A-4D24-8C97-F5D2C5FFCE50}.Debug|Any CPU.Build.0 = Debug|Any CPU
		{34CC1B52-9A8A-4D24-8C97-F5D2C5FFCE50}.Release|Any CPU.ActiveCfg = Release|Any CPU
		{34CC1B52-9A8A-4D24-8C97-F5D2C5FFCE50}.Release|Any CPU.Build.0 = Release|Any CPU
		{F4941738-8CD3-445E-98E1-5F312DC73CBA}.Debug|Any CPU.ActiveCfg = Debug|Any CPU
		{F4941738-8CD3-445E-98E1-5F312DC73CBA}.Debug|Any CPU.Build.0 = Debug|Any CPU
		{F4941738-8CD3-445E-98E1-5F312DC73CBA}.Release|Any CPU.ActiveCfg = Release|Any CPU
		{F4941738-8CD3-445E-98E1-5F312DC73CBA}.Release|Any CPU.Build.0 = Release|Any CPU
		{EB434712-5624-4A64-BCFB-82DE20F63709}.Debug|Any CPU.ActiveCfg = Debug|Any CPU
		{EB434712-5624-4A64-BCFB-82DE20F63709}.Debug|Any CPU.Build.0 = Debug|Any CPU
		{EB434712-5624-4A64-BCFB-82DE20F63709}.Release|Any CPU.ActiveCfg = Release|Any CPU
		{EB434712-5624-4A64-BCFB-82DE20F63709}.Release|Any CPU.Build.0 = Release|Any CPU
		{C4359485-FBB2-4C4C-90C2-FDD20A2A2E1D}.Debug|Any CPU.ActiveCfg = Debug|Any CPU
		{C4359485-FBB2-4C4C-90C2-FDD20A2A2E1D}.Debug|Any CPU.Build.0 = Debug|Any CPU
		{C4359485-FBB2-4C4C-90C2-FDD20A2A2E1D}.Release|Any CPU.ActiveCfg = Release|Any CPU
		{C4359485-FBB2-4C4C-90C2-FDD20A2A2E1D}.Release|Any CPU.Build.0 = Release|Any CPU
		{1AD933F2-8F0A-492F-8BE7-BA3643DA71DE}.Debug|Any CPU.ActiveCfg = Debug|Any CPU
		{1AD933F2-8F0A-492F-8BE7-BA3643DA71DE}.Debug|Any CPU.Build.0 = Debug|Any CPU
		{1AD933F2-8F0A-492F-8BE7-BA3643DA71DE}.Release|Any CPU.ActiveCfg = Release|Any CPU
		{1AD933F2-8F0A-492F-8BE7-BA3643DA71DE}.Release|Any CPU.Build.0 = Release|Any CPU
		{A6F0DFB4-41A1-496B-832E-DE1ACC9B6C4B}.Debug|Any CPU.ActiveCfg = Debug|Any CPU
		{A6F0DFB4-41A1-496B-832E-DE1ACC9B6C4B}.Debug|Any CPU.Build.0 = Debug|Any CPU
		{A6F0DFB4-41A1-496B-832E-DE1ACC9B6C4B}.Release|Any CPU.ActiveCfg = Release|Any CPU
		{A6F0DFB4-41A1-496B-832E-DE1ACC9B6C4B}.Release|Any CPU.Build.0 = Release|Any CPU
		{71036589-889E-498C-B5EF-CB40082F6891}.Debug|Any CPU.ActiveCfg = Debug|Any CPU
		{71036589-889E-498C-B5EF-CB40082F6891}.Debug|Any CPU.Build.0 = Debug|Any CPU
		{71036589-889E-498C-B5EF-CB40082F6891}.Release|Any CPU.ActiveCfg = Release|Any CPU
		{71036589-889E-498C-B5EF-CB40082F6891}.Release|Any CPU.Build.0 = Release|Any CPU
		{B88D87D6-DADE-4E33-B6F2-6DFC0B12D387}.Debug|Any CPU.ActiveCfg = Debug|Any CPU
		{B88D87D6-DADE-4E33-B6F2-6DFC0B12D387}.Debug|Any CPU.Build.0 = Debug|Any CPU
		{B88D87D6-DADE-4E33-B6F2-6DFC0B12D387}.Release|Any CPU.ActiveCfg = Release|Any CPU
		{B88D87D6-DADE-4E33-B6F2-6DFC0B12D387}.Release|Any CPU.Build.0 = Release|Any CPU
		{3162EAB2-A2BE-4E1B-AC9A-72CBA1D64558}.Debug|Any CPU.ActiveCfg = Debug|Any CPU
		{3162EAB2-A2BE-4E1B-AC9A-72CBA1D64558}.Debug|Any CPU.Build.0 = Debug|Any CPU
		{3162EAB2-A2BE-4E1B-AC9A-72CBA1D64558}.Release|Any CPU.ActiveCfg = Release|Any CPU
		{3162EAB2-A2BE-4E1B-AC9A-72CBA1D64558}.Release|Any CPU.Build.0 = Release|Any CPU
		{BCF2C676-C6A2-4707-A839-21E90C7AD4B7}.Debug|Any CPU.ActiveCfg = Debug|Any CPU
		{BCF2C676-C6A2-4707-A839-21E90C7AD4B7}.Debug|Any CPU.Build.0 = Debug|Any CPU
		{BCF2C676-C6A2-4707-A839-21E90C7AD4B7}.Release|Any CPU.ActiveCfg = Release|Any CPU
		{BCF2C676-C6A2-4707-A839-21E90C7AD4B7}.Release|Any CPU.Build.0 = Release|Any CPU
		{B7334A60-2CC0-4EEA-8600-1E4149C109FB}.Debug|Any CPU.ActiveCfg = Debug|Any CPU
		{B7334A60-2CC0-4EEA-8600-1E4149C109FB}.Debug|Any CPU.Build.0 = Debug|Any CPU
		{B7334A60-2CC0-4EEA-8600-1E4149C109FB}.Release|Any CPU.ActiveCfg = Release|Any CPU
		{B7334A60-2CC0-4EEA-8600-1E4149C109FB}.Release|Any CPU.Build.0 = Release|Any CPU
		{7DCDA596-DBE1-40FE-BD98-9ABF13AC2B4E}.Debug|Any CPU.ActiveCfg = Debug|Any CPU
		{7DCDA596-DBE1-40FE-BD98-9ABF13AC2B4E}.Debug|Any CPU.Build.0 = Debug|Any CPU
		{7DCDA596-DBE1-40FE-BD98-9ABF13AC2B4E}.Release|Any CPU.ActiveCfg = Release|Any CPU
		{7DCDA596-DBE1-40FE-BD98-9ABF13AC2B4E}.Release|Any CPU.Build.0 = Release|Any CPU
		{725D1F18-BBD8-4070-BE0F-D9738BAEA5A1}.Debug|Any CPU.ActiveCfg = Debug|Any CPU
		{725D1F18-BBD8-4070-BE0F-D9738BAEA5A1}.Debug|Any CPU.Build.0 = Debug|Any CPU
		{725D1F18-BBD8-4070-BE0F-D9738BAEA5A1}.Release|Any CPU.ActiveCfg = Release|Any CPU
		{725D1F18-BBD8-4070-BE0F-D9738BAEA5A1}.Release|Any CPU.Build.0 = Release|Any CPU
		{72D811B7-4FFB-439C-8750-67D165831EA3}.Debug|Any CPU.ActiveCfg = Debug|Any CPU
		{72D811B7-4FFB-439C-8750-67D165831EA3}.Debug|Any CPU.Build.0 = Debug|Any CPU
		{72D811B7-4FFB-439C-8750-67D165831EA3}.Release|Any CPU.ActiveCfg = Release|Any CPU
		{72D811B7-4FFB-439C-8750-67D165831EA3}.Release|Any CPU.Build.0 = Release|Any CPU
		{AD8A8CC2-139B-40A1-BF04-A42E1D8465FD}.Debug|Any CPU.ActiveCfg = Debug|Any CPU
		{AD8A8CC2-139B-40A1-BF04-A42E1D8465FD}.Debug|Any CPU.Build.0 = Debug|Any CPU
		{AD8A8CC2-139B-40A1-BF04-A42E1D8465FD}.Release|Any CPU.ActiveCfg = Release|Any CPU
		{AD8A8CC2-139B-40A1-BF04-A42E1D8465FD}.Release|Any CPU.Build.0 = Release|Any CPU
		{5290C034-2CA2-4B94-8F90-100AD212A1EA}.Debug|Any CPU.ActiveCfg = Debug|Any CPU
		{5290C034-2CA2-4B94-8F90-100AD212A1EA}.Debug|Any CPU.Build.0 = Debug|Any CPU
		{5290C034-2CA2-4B94-8F90-100AD212A1EA}.Release|Any CPU.ActiveCfg = Release|Any CPU
		{5290C034-2CA2-4B94-8F90-100AD212A1EA}.Release|Any CPU.Build.0 = Release|Any CPU
		{8C388D2D-94A1-478B-9312-97ADC1B7BECE}.Debug|Any CPU.ActiveCfg = Debug|Any CPU
		{8C388D2D-94A1-478B-9312-97ADC1B7BECE}.Debug|Any CPU.Build.0 = Debug|Any CPU
		{8C388D2D-94A1-478B-9312-97ADC1B7BECE}.Release|Any CPU.ActiveCfg = Release|Any CPU
		{8C388D2D-94A1-478B-9312-97ADC1B7BECE}.Release|Any CPU.Build.0 = Release|Any CPU
		{BF109F8A-F527-4E06-BE74-B25E50614AE7}.Debug|Any CPU.ActiveCfg = Debug|Any CPU
		{BF109F8A-F527-4E06-BE74-B25E50614AE7}.Debug|Any CPU.Build.0 = Debug|Any CPU
		{BF109F8A-F527-4E06-BE74-B25E50614AE7}.Release|Any CPU.ActiveCfg = Release|Any CPU
		{BF109F8A-F527-4E06-BE74-B25E50614AE7}.Release|Any CPU.Build.0 = Release|Any CPU
		{A307571F-AF2E-476A-91D3-E7B525E033EA}.Debug|Any CPU.ActiveCfg = Debug|Any CPU
		{A307571F-AF2E-476A-91D3-E7B525E033EA}.Debug|Any CPU.Build.0 = Debug|Any CPU
		{A307571F-AF2E-476A-91D3-E7B525E033EA}.Release|Any CPU.ActiveCfg = Release|Any CPU
		{A307571F-AF2E-476A-91D3-E7B525E033EA}.Release|Any CPU.Build.0 = Release|Any CPU
		{66DFCB36-0676-414D-B896-AE8C593CE968}.Debug|Any CPU.ActiveCfg = Debug|Any CPU
		{66DFCB36-0676-414D-B896-AE8C593CE968}.Debug|Any CPU.Build.0 = Debug|Any CPU
		{66DFCB36-0676-414D-B896-AE8C593CE968}.Release|Any CPU.ActiveCfg = Release|Any CPU
		{66DFCB36-0676-414D-B896-AE8C593CE968}.Release|Any CPU.Build.0 = Release|Any CPU
		{CBDB77CE-5833-441E-B6CC-07449472F6A4}.Debug|Any CPU.ActiveCfg = Debug|Any CPU
		{CBDB77CE-5833-441E-B6CC-07449472F6A4}.Debug|Any CPU.Build.0 = Debug|Any CPU
		{CBDB77CE-5833-441E-B6CC-07449472F6A4}.Release|Any CPU.ActiveCfg = Release|Any CPU
		{CBDB77CE-5833-441E-B6CC-07449472F6A4}.Release|Any CPU.Build.0 = Release|Any CPU
		{00CD3DC0-6F56-4703-BA82-2239DB6BD9DE}.Debug|Any CPU.ActiveCfg = Debug|Any CPU
		{00CD3DC0-6F56-4703-BA82-2239DB6BD9DE}.Debug|Any CPU.Build.0 = Debug|Any CPU
		{00CD3DC0-6F56-4703-BA82-2239DB6BD9DE}.Release|Any CPU.ActiveCfg = Release|Any CPU
		{00CD3DC0-6F56-4703-BA82-2239DB6BD9DE}.Release|Any CPU.Build.0 = Release|Any CPU
		{E6A95125-5AA1-4AD3-AEC4-335077A98B1D}.Debug|Any CPU.ActiveCfg = Debug|Any CPU
		{E6A95125-5AA1-4AD3-AEC4-335077A98B1D}.Debug|Any CPU.Build.0 = Debug|Any CPU
		{E6A95125-5AA1-4AD3-AEC4-335077A98B1D}.Release|Any CPU.ActiveCfg = Release|Any CPU
		{E6A95125-5AA1-4AD3-AEC4-335077A98B1D}.Release|Any CPU.Build.0 = Release|Any CPU
		{060739F6-54A5-48FC-91F1-EAF1AD028F35}.Debug|Any CPU.ActiveCfg = Debug|Any CPU
		{060739F6-54A5-48FC-91F1-EAF1AD028F35}.Debug|Any CPU.Build.0 = Debug|Any CPU
		{060739F6-54A5-48FC-91F1-EAF1AD028F35}.Release|Any CPU.ActiveCfg = Release|Any CPU
		{060739F6-54A5-48FC-91F1-EAF1AD028F35}.Release|Any CPU.Build.0 = Release|Any CPU
		{7E4BFA7F-3443-435D-8F02-11357D26D99B}.Debug|Any CPU.ActiveCfg = Debug|Any CPU
		{7E4BFA7F-3443-435D-8F02-11357D26D99B}.Debug|Any CPU.Build.0 = Debug|Any CPU
		{7E4BFA7F-3443-435D-8F02-11357D26D99B}.Release|Any CPU.ActiveCfg = Release|Any CPU
		{7E4BFA7F-3443-435D-8F02-11357D26D99B}.Release|Any CPU.Build.0 = Release|Any CPU
		{7792C227-0D33-4D9C-B841-AD8749FFAA5B}.Debug|Any CPU.ActiveCfg = Debug|Any CPU
		{7792C227-0D33-4D9C-B841-AD8749FFAA5B}.Debug|Any CPU.Build.0 = Debug|Any CPU
		{7792C227-0D33-4D9C-B841-AD8749FFAA5B}.Release|Any CPU.ActiveCfg = Release|Any CPU
		{7792C227-0D33-4D9C-B841-AD8749FFAA5B}.Release|Any CPU.Build.0 = Release|Any CPU
		{EA6BBE64-EA66-47CD-A1BB-5B3B769D417E}.Debug|Any CPU.ActiveCfg = Debug|Any CPU
		{EA6BBE64-EA66-47CD-A1BB-5B3B769D417E}.Debug|Any CPU.Build.0 = Debug|Any CPU
		{EA6BBE64-EA66-47CD-A1BB-5B3B769D417E}.Release|Any CPU.ActiveCfg = Release|Any CPU
		{EA6BBE64-EA66-47CD-A1BB-5B3B769D417E}.Release|Any CPU.Build.0 = Release|Any CPU
		{C32A15FA-3E92-47CC-9BC6-4B5582510D75}.Debug|Any CPU.ActiveCfg = Debug|Any CPU
		{C32A15FA-3E92-47CC-9BC6-4B5582510D75}.Debug|Any CPU.Build.0 = Debug|Any CPU
		{C32A15FA-3E92-47CC-9BC6-4B5582510D75}.Release|Any CPU.ActiveCfg = Release|Any CPU
		{C32A15FA-3E92-47CC-9BC6-4B5582510D75}.Release|Any CPU.Build.0 = Release|Any CPU
		{8BF405B2-CA2F-4A34-97DB-03C8255D1029}.Debug|Any CPU.ActiveCfg = Debug|Any CPU
		{8BF405B2-CA2F-4A34-97DB-03C8255D1029}.Debug|Any CPU.Build.0 = Debug|Any CPU
		{8BF405B2-CA2F-4A34-97DB-03C8255D1029}.Release|Any CPU.ActiveCfg = Release|Any CPU
		{8BF405B2-CA2F-4A34-97DB-03C8255D1029}.Release|Any CPU.Build.0 = Release|Any CPU
		{96ED4188-C73B-407F-A898-16A23EBE181B}.Debug|Any CPU.ActiveCfg = Debug|Any CPU
		{96ED4188-C73B-407F-A898-16A23EBE181B}.Debug|Any CPU.Build.0 = Debug|Any CPU
		{96ED4188-C73B-407F-A898-16A23EBE181B}.Release|Any CPU.ActiveCfg = Release|Any CPU
		{96ED4188-C73B-407F-A898-16A23EBE181B}.Release|Any CPU.Build.0 = Release|Any CPU
		{DD48EF72-519E-4BFF-9A27-3B6B1F833B8D}.Debug|Any CPU.ActiveCfg = Debug|Any CPU
		{DD48EF72-519E-4BFF-9A27-3B6B1F833B8D}.Debug|Any CPU.Build.0 = Debug|Any CPU
		{DD48EF72-519E-4BFF-9A27-3B6B1F833B8D}.Release|Any CPU.ActiveCfg = Release|Any CPU
		{DD48EF72-519E-4BFF-9A27-3B6B1F833B8D}.Release|Any CPU.Build.0 = Release|Any CPU
		{1E9A1A74-D00C-4747-B71F-9393884FF0D1}.Debug|Any CPU.ActiveCfg = Debug|Any CPU
		{1E9A1A74-D00C-4747-B71F-9393884FF0D1}.Debug|Any CPU.Build.0 = Debug|Any CPU
		{1E9A1A74-D00C-4747-B71F-9393884FF0D1}.Release|Any CPU.ActiveCfg = Release|Any CPU
		{1E9A1A74-D00C-4747-B71F-9393884FF0D1}.Release|Any CPU.Build.0 = Release|Any CPU
		{B062A4E8-8371-4BEE-989B-890DF4AFE005}.Debug|Any CPU.ActiveCfg = Debug|Any CPU
		{B062A4E8-8371-4BEE-989B-890DF4AFE005}.Debug|Any CPU.Build.0 = Debug|Any CPU
		{B062A4E8-8371-4BEE-989B-890DF4AFE005}.Release|Any CPU.ActiveCfg = Release|Any CPU
		{B062A4E8-8371-4BEE-989B-890DF4AFE005}.Release|Any CPU.Build.0 = Release|Any CPU
		{95B5C76C-EE06-499A-8B6D-A5CF93A398DB}.Debug|Any CPU.ActiveCfg = Debug|Any CPU
		{95B5C76C-EE06-499A-8B6D-A5CF93A398DB}.Debug|Any CPU.Build.0 = Debug|Any CPU
		{95B5C76C-EE06-499A-8B6D-A5CF93A398DB}.Release|Any CPU.ActiveCfg = Release|Any CPU
		{95B5C76C-EE06-499A-8B6D-A5CF93A398DB}.Release|Any CPU.Build.0 = Release|Any CPU
		{6B663EF5-8EDF-4CD0-9DF2-1F213F54430F}.Debug|Any CPU.ActiveCfg = Debug|Any CPU
		{6B663EF5-8EDF-4CD0-9DF2-1F213F54430F}.Debug|Any CPU.Build.0 = Debug|Any CPU
		{6B663EF5-8EDF-4CD0-9DF2-1F213F54430F}.Release|Any CPU.ActiveCfg = Release|Any CPU
		{6B663EF5-8EDF-4CD0-9DF2-1F213F54430F}.Release|Any CPU.Build.0 = Release|Any CPU
		{7B5FA7C4-7A89-4FB6-AD39-FD08D15865FC}.Debug|Any CPU.ActiveCfg = Debug|Any CPU
		{7B5FA7C4-7A89-4FB6-AD39-FD08D15865FC}.Debug|Any CPU.Build.0 = Debug|Any CPU
		{7B5FA7C4-7A89-4FB6-AD39-FD08D15865FC}.Release|Any CPU.ActiveCfg = Release|Any CPU
		{7B5FA7C4-7A89-4FB6-AD39-FD08D15865FC}.Release|Any CPU.Build.0 = Release|Any CPU
		{F09E91E5-8BB6-44D2-BE78-14A78FED20FF}.Debug|Any CPU.ActiveCfg = Debug|Any CPU
		{F09E91E5-8BB6-44D2-BE78-14A78FED20FF}.Debug|Any CPU.Build.0 = Debug|Any CPU
		{F09E91E5-8BB6-44D2-BE78-14A78FED20FF}.Release|Any CPU.ActiveCfg = Release|Any CPU
		{F09E91E5-8BB6-44D2-BE78-14A78FED20FF}.Release|Any CPU.Build.0 = Release|Any CPU
		{A2999A1A-97D7-4789-A64D-435E164E26A0}.Debug|Any CPU.ActiveCfg = Debug|Any CPU
		{A2999A1A-97D7-4789-A64D-435E164E26A0}.Debug|Any CPU.Build.0 = Debug|Any CPU
		{A2999A1A-97D7-4789-A64D-435E164E26A0}.Release|Any CPU.ActiveCfg = Release|Any CPU
		{A2999A1A-97D7-4789-A64D-435E164E26A0}.Release|Any CPU.Build.0 = Release|Any CPU
		{5F8D7470-18C8-44E5-8C7E-97B37BCBFA47}.Debug|Any CPU.ActiveCfg = Debug|Any CPU
		{5F8D7470-18C8-44E5-8C7E-97B37BCBFA47}.Debug|Any CPU.Build.0 = Debug|Any CPU
		{5F8D7470-18C8-44E5-8C7E-97B37BCBFA47}.Release|Any CPU.ActiveCfg = Release|Any CPU
		{5F8D7470-18C8-44E5-8C7E-97B37BCBFA47}.Release|Any CPU.Build.0 = Release|Any CPU
		{61BEDFC3-4CAE-4F0C-A6EB-5D0A29B0C8B3}.Debug|Any CPU.ActiveCfg = Debug|Any CPU
		{61BEDFC3-4CAE-4F0C-A6EB-5D0A29B0C8B3}.Debug|Any CPU.Build.0 = Debug|Any CPU
		{61BEDFC3-4CAE-4F0C-A6EB-5D0A29B0C8B3}.Release|Any CPU.ActiveCfg = Release|Any CPU
		{61BEDFC3-4CAE-4F0C-A6EB-5D0A29B0C8B3}.Release|Any CPU.Build.0 = Release|Any CPU
		{0C116DE9-797E-4CBB-812F-5F3725C5C5C0}.Debug|Any CPU.ActiveCfg = Debug|Any CPU
		{0C116DE9-797E-4CBB-812F-5F3725C5C5C0}.Debug|Any CPU.Build.0 = Debug|Any CPU
		{0C116DE9-797E-4CBB-812F-5F3725C5C5C0}.Release|Any CPU.ActiveCfg = Release|Any CPU
		{0C116DE9-797E-4CBB-812F-5F3725C5C5C0}.Release|Any CPU.Build.0 = Release|Any CPU
		{289231F1-E7F1-45CE-8F98-477D18756D58}.Debug|Any CPU.ActiveCfg = Debug|Any CPU
		{289231F1-E7F1-45CE-8F98-477D18756D58}.Debug|Any CPU.Build.0 = Debug|Any CPU
		{289231F1-E7F1-45CE-8F98-477D18756D58}.Release|Any CPU.ActiveCfg = Release|Any CPU
		{289231F1-E7F1-45CE-8F98-477D18756D58}.Release|Any CPU.Build.0 = Release|Any CPU
		{080A3CD2-574E-4218-844D-AA30A5B3CCD7}.Debug|Any CPU.ActiveCfg = Debug|Any CPU
		{080A3CD2-574E-4218-844D-AA30A5B3CCD7}.Debug|Any CPU.Build.0 = Debug|Any CPU
		{080A3CD2-574E-4218-844D-AA30A5B3CCD7}.Release|Any CPU.ActiveCfg = Release|Any CPU
		{080A3CD2-574E-4218-844D-AA30A5B3CCD7}.Release|Any CPU.Build.0 = Release|Any CPU
		{72EDDD1A-B00A-4D22-911D-02AC3E4E6CB4}.Debug|Any CPU.ActiveCfg = Debug|Any CPU
		{72EDDD1A-B00A-4D22-911D-02AC3E4E6CB4}.Debug|Any CPU.Build.0 = Debug|Any CPU
		{72EDDD1A-B00A-4D22-911D-02AC3E4E6CB4}.Release|Any CPU.ActiveCfg = Release|Any CPU
		{72EDDD1A-B00A-4D22-911D-02AC3E4E6CB4}.Release|Any CPU.Build.0 = Release|Any CPU
		{70672B78-6452-4378-A38F-66277FAC2CBD}.Debug|Any CPU.ActiveCfg = Debug|Any CPU
		{70672B78-6452-4378-A38F-66277FAC2CBD}.Debug|Any CPU.Build.0 = Debug|Any CPU
		{70672B78-6452-4378-A38F-66277FAC2CBD}.Release|Any CPU.ActiveCfg = Release|Any CPU
		{70672B78-6452-4378-A38F-66277FAC2CBD}.Release|Any CPU.Build.0 = Release|Any CPU
		{F82333E3-EF28-4F59-ABEC-B4EFEC0155D7}.Debug|Any CPU.ActiveCfg = Debug|Any CPU
		{F82333E3-EF28-4F59-ABEC-B4EFEC0155D7}.Debug|Any CPU.Build.0 = Debug|Any CPU
		{F82333E3-EF28-4F59-ABEC-B4EFEC0155D7}.Release|Any CPU.ActiveCfg = Release|Any CPU
		{F82333E3-EF28-4F59-ABEC-B4EFEC0155D7}.Release|Any CPU.Build.0 = Release|Any CPU
		{DA7C1796-94ED-4958-83C0-06229F42A7BF}.Debug|Any CPU.ActiveCfg = Debug|Any CPU
		{DA7C1796-94ED-4958-83C0-06229F42A7BF}.Debug|Any CPU.Build.0 = Debug|Any CPU
		{DA7C1796-94ED-4958-83C0-06229F42A7BF}.Release|Any CPU.ActiveCfg = Release|Any CPU
		{DA7C1796-94ED-4958-83C0-06229F42A7BF}.Release|Any CPU.Build.0 = Release|Any CPU
		{DEC0996A-CE64-40DE-957F-1CE52083A09D}.Debug|Any CPU.ActiveCfg = Debug|Any CPU
		{DEC0996A-CE64-40DE-957F-1CE52083A09D}.Debug|Any CPU.Build.0 = Debug|Any CPU
		{DEC0996A-CE64-40DE-957F-1CE52083A09D}.Release|Any CPU.ActiveCfg = Release|Any CPU
		{DEC0996A-CE64-40DE-957F-1CE52083A09D}.Release|Any CPU.Build.0 = Release|Any CPU
		{1A578011-E3D5-4A28-9B3A-DAA307AC2D64}.Debug|Any CPU.ActiveCfg = Debug|Any CPU
		{1A578011-E3D5-4A28-9B3A-DAA307AC2D64}.Debug|Any CPU.Build.0 = Debug|Any CPU
		{1A578011-E3D5-4A28-9B3A-DAA307AC2D64}.Release|Any CPU.ActiveCfg = Release|Any CPU
		{1A578011-E3D5-4A28-9B3A-DAA307AC2D64}.Release|Any CPU.Build.0 = Release|Any CPU
		{605953C5-9565-4A3F-817D-92262B485931}.Debug|Any CPU.ActiveCfg = Debug|Any CPU
		{605953C5-9565-4A3F-817D-92262B485931}.Debug|Any CPU.Build.0 = Debug|Any CPU
		{605953C5-9565-4A3F-817D-92262B485931}.Release|Any CPU.ActiveCfg = Release|Any CPU
		{605953C5-9565-4A3F-817D-92262B485931}.Release|Any CPU.Build.0 = Release|Any CPU
		{BA030602-4F99-440B-8A4F-68F92C632A3F}.Debug|Any CPU.ActiveCfg = Debug|Any CPU
		{BA030602-4F99-440B-8A4F-68F92C632A3F}.Debug|Any CPU.Build.0 = Debug|Any CPU
		{BA030602-4F99-440B-8A4F-68F92C632A3F}.Release|Any CPU.ActiveCfg = Release|Any CPU
		{BA030602-4F99-440B-8A4F-68F92C632A3F}.Release|Any CPU.Build.0 = Release|Any CPU
		{487A8B85-7923-4169-86DC-E0A008CF485F}.Debug|Any CPU.ActiveCfg = Debug|Any CPU
		{487A8B85-7923-4169-86DC-E0A008CF485F}.Debug|Any CPU.Build.0 = Debug|Any CPU
		{487A8B85-7923-4169-86DC-E0A008CF485F}.Release|Any CPU.ActiveCfg = Release|Any CPU
		{487A8B85-7923-4169-86DC-E0A008CF485F}.Release|Any CPU.Build.0 = Release|Any CPU
		{CFC32C77-7EE8-4F4C-871C-E76EFFC5C7F3}.Debug|Any CPU.ActiveCfg = Debug|Any CPU
		{CFC32C77-7EE8-4F4C-871C-E76EFFC5C7F3}.Debug|Any CPU.Build.0 = Debug|Any CPU
		{CFC32C77-7EE8-4F4C-871C-E76EFFC5C7F3}.Release|Any CPU.ActiveCfg = Release|Any CPU
		{CFC32C77-7EE8-4F4C-871C-E76EFFC5C7F3}.Release|Any CPU.Build.0 = Release|Any CPU
		{48318F77-E282-4AF9-853F-0E258659903A}.Debug|Any CPU.ActiveCfg = Debug|Any CPU
		{48318F77-E282-4AF9-853F-0E258659903A}.Debug|Any CPU.Build.0 = Debug|Any CPU
		{48318F77-E282-4AF9-853F-0E258659903A}.Release|Any CPU.ActiveCfg = Release|Any CPU
		{48318F77-E282-4AF9-853F-0E258659903A}.Release|Any CPU.Build.0 = Release|Any CPU
		{6D84768F-67A1-45AE-AF28-FAA4FC480F22}.Debug|Any CPU.ActiveCfg = Debug|Any CPU
		{6D84768F-67A1-45AE-AF28-FAA4FC480F22}.Debug|Any CPU.Build.0 = Debug|Any CPU
		{6D84768F-67A1-45AE-AF28-FAA4FC480F22}.Release|Any CPU.ActiveCfg = Release|Any CPU
		{6D84768F-67A1-45AE-AF28-FAA4FC480F22}.Release|Any CPU.Build.0 = Release|Any CPU
		{FA47CB09-E0E1-4CE2-9D5C-62192AE20615}.Debug|Any CPU.ActiveCfg = Debug|Any CPU
		{FA47CB09-E0E1-4CE2-9D5C-62192AE20615}.Debug|Any CPU.Build.0 = Debug|Any CPU
		{FA47CB09-E0E1-4CE2-9D5C-62192AE20615}.Release|Any CPU.ActiveCfg = Release|Any CPU
		{FA47CB09-E0E1-4CE2-9D5C-62192AE20615}.Release|Any CPU.Build.0 = Release|Any CPU
		{2354D626-D3C9-4C03-B78D-000643CDE708}.Debug|Any CPU.ActiveCfg = Debug|Any CPU
		{2354D626-D3C9-4C03-B78D-000643CDE708}.Debug|Any CPU.Build.0 = Debug|Any CPU
		{2354D626-D3C9-4C03-B78D-000643CDE708}.Release|Any CPU.ActiveCfg = Release|Any CPU
		{2354D626-D3C9-4C03-B78D-000643CDE708}.Release|Any CPU.Build.0 = Release|Any CPU
		{2BD1C297-2104-4EFA-B6C5-F75192B5E260}.Debug|Any CPU.ActiveCfg = Debug|Any CPU
		{2BD1C297-2104-4EFA-B6C5-F75192B5E260}.Debug|Any CPU.Build.0 = Debug|Any CPU
		{2BD1C297-2104-4EFA-B6C5-F75192B5E260}.Release|Any CPU.ActiveCfg = Release|Any CPU
		{2BD1C297-2104-4EFA-B6C5-F75192B5E260}.Release|Any CPU.Build.0 = Release|Any CPU
		{E6609061-0B6D-4298-B761-EFBE3596E290}.Debug|Any CPU.ActiveCfg = Debug|Any CPU
		{E6609061-0B6D-4298-B761-EFBE3596E290}.Debug|Any CPU.Build.0 = Debug|Any CPU
		{E6609061-0B6D-4298-B761-EFBE3596E290}.Release|Any CPU.ActiveCfg = Release|Any CPU
		{E6609061-0B6D-4298-B761-EFBE3596E290}.Release|Any CPU.Build.0 = Release|Any CPU
		{85E68A26-95B3-4BAA-91ED-816AAA258604}.Debug|Any CPU.ActiveCfg = Debug|Any CPU
		{85E68A26-95B3-4BAA-91ED-816AAA258604}.Debug|Any CPU.Build.0 = Debug|Any CPU
		{85E68A26-95B3-4BAA-91ED-816AAA258604}.Release|Any CPU.ActiveCfg = Release|Any CPU
		{85E68A26-95B3-4BAA-91ED-816AAA258604}.Release|Any CPU.Build.0 = Release|Any CPU
		{C0BE2FC6-B954-4ECB-8504-5701ED690454}.Debug|Any CPU.ActiveCfg = Debug|Any CPU
		{C0BE2FC6-B954-4ECB-8504-5701ED690454}.Debug|Any CPU.Build.0 = Debug|Any CPU
		{C0BE2FC6-B954-4ECB-8504-5701ED690454}.Release|Any CPU.ActiveCfg = Release|Any CPU
		{C0BE2FC6-B954-4ECB-8504-5701ED690454}.Release|Any CPU.Build.0 = Release|Any CPU
		{FBD7E945-8851-433A-BB33-13207DA4171E}.Debug|Any CPU.ActiveCfg = Debug|Any CPU
		{FBD7E945-8851-433A-BB33-13207DA4171E}.Debug|Any CPU.Build.0 = Debug|Any CPU
		{FBD7E945-8851-433A-BB33-13207DA4171E}.Release|Any CPU.ActiveCfg = Release|Any CPU
		{FBD7E945-8851-433A-BB33-13207DA4171E}.Release|Any CPU.Build.0 = Release|Any CPU
		{6C4C5323-E27C-4FA3-B1AF-D151ED7B454B}.Debug|Any CPU.ActiveCfg = Debug|Any CPU
		{6C4C5323-E27C-4FA3-B1AF-D151ED7B454B}.Debug|Any CPU.Build.0 = Debug|Any CPU
		{6C4C5323-E27C-4FA3-B1AF-D151ED7B454B}.Release|Any CPU.ActiveCfg = Release|Any CPU
		{6C4C5323-E27C-4FA3-B1AF-D151ED7B454B}.Release|Any CPU.Build.0 = Release|Any CPU
		{7E38CF90-73D7-493A-BE71-3603DA6ADC1D}.Debug|Any CPU.ActiveCfg = Debug|Any CPU
		{7E38CF90-73D7-493A-BE71-3603DA6ADC1D}.Debug|Any CPU.Build.0 = Debug|Any CPU
		{7E38CF90-73D7-493A-BE71-3603DA6ADC1D}.Release|Any CPU.ActiveCfg = Release|Any CPU
		{7E38CF90-73D7-493A-BE71-3603DA6ADC1D}.Release|Any CPU.Build.0 = Release|Any CPU
		{7E451BB5-CD46-4DD5-90EB-7F36D9020AEE}.Debug|Any CPU.ActiveCfg = Debug|Any CPU
		{7E451BB5-CD46-4DD5-90EB-7F36D9020AEE}.Debug|Any CPU.Build.0 = Debug|Any CPU
		{7E451BB5-CD46-4DD5-90EB-7F36D9020AEE}.Release|Any CPU.ActiveCfg = Release|Any CPU
		{7E451BB5-CD46-4DD5-90EB-7F36D9020AEE}.Release|Any CPU.Build.0 = Release|Any CPU
		{2CC3E7A3-A0FF-44D3-9A59-1D6E377DA735}.Debug|Any CPU.ActiveCfg = Debug|Any CPU
		{2CC3E7A3-A0FF-44D3-9A59-1D6E377DA735}.Debug|Any CPU.Build.0 = Debug|Any CPU
		{2CC3E7A3-A0FF-44D3-9A59-1D6E377DA735}.Release|Any CPU.ActiveCfg = Release|Any CPU
		{2CC3E7A3-A0FF-44D3-9A59-1D6E377DA735}.Release|Any CPU.Build.0 = Release|Any CPU
		{9C7A7909-3715-4C46-8672-8A6EC89AF8DD}.Debug|Any CPU.ActiveCfg = Debug|Any CPU
		{9C7A7909-3715-4C46-8672-8A6EC89AF8DD}.Debug|Any CPU.Build.0 = Debug|Any CPU
		{9C7A7909-3715-4C46-8672-8A6EC89AF8DD}.Release|Any CPU.ActiveCfg = Release|Any CPU
		{9C7A7909-3715-4C46-8672-8A6EC89AF8DD}.Release|Any CPU.Build.0 = Release|Any CPU
		{5B84A38F-60E6-46B0-8400-075D1468D5EC}.Debug|Any CPU.ActiveCfg = Debug|Any CPU
		{5B84A38F-60E6-46B0-8400-075D1468D5EC}.Debug|Any CPU.Build.0 = Debug|Any CPU
		{5B84A38F-60E6-46B0-8400-075D1468D5EC}.Release|Any CPU.ActiveCfg = Release|Any CPU
		{5B84A38F-60E6-46B0-8400-075D1468D5EC}.Release|Any CPU.Build.0 = Release|Any CPU
		{5227E05C-B44D-4C30-B41F-B28C71F43B85}.Debug|Any CPU.ActiveCfg = Debug|Any CPU
		{5227E05C-B44D-4C30-B41F-B28C71F43B85}.Debug|Any CPU.Build.0 = Debug|Any CPU
		{5227E05C-B44D-4C30-B41F-B28C71F43B85}.Release|Any CPU.ActiveCfg = Release|Any CPU
		{5227E05C-B44D-4C30-B41F-B28C71F43B85}.Release|Any CPU.Build.0 = Release|Any CPU
		{D1EF2E01-EB93-4597-AF20-4E5E39796C64}.Debug|Any CPU.ActiveCfg = Debug|Any CPU
		{D1EF2E01-EB93-4597-AF20-4E5E39796C64}.Debug|Any CPU.Build.0 = Debug|Any CPU
		{D1EF2E01-EB93-4597-AF20-4E5E39796C64}.Release|Any CPU.ActiveCfg = Release|Any CPU
		{D1EF2E01-EB93-4597-AF20-4E5E39796C64}.Release|Any CPU.Build.0 = Release|Any CPU
	EndGlobalSection
	GlobalSection(SolutionProperties) = preSolution
		HideSolutionNode = FALSE
	EndGlobalSection
	GlobalSection(ExtensibilityGlobals) = postSolution
		SolutionGuid = {297A01E6-ABFE-40B6-8D8E-F5E6B51B01E0}
	EndGlobalSection
EndGlobal
