
Microsoft Visual Studio Solution File, Format Version 12.00
# Visual Studio Version 17
VisualStudioVersion = 17.8.34601.278
MinimumVisualStudioVersion = 10.0.40219.1
Project("{9A19103F-16F7-4668-BE54-9A1E7A4F7556}") = "project_01_Two Sum", "project_01_Two Sum\project_01_Two Sum.csproj", "{E98F266B-21C9-478F-9257-73D63C207284}"
EndProject
Project("{9A19103F-16F7-4668-BE54-9A1E7A4F7556}") = "project_02_AddTwoNumbers", "project_02_AddTwoNumbers\project_02_AddTwoNumbers.csproj", "{2B217CAF-B237-44E2-BFBD-8FB75C49F9EB}"
EndProject
Project("{9A19103F-16F7-4668-BE54-9A1E7A4F7556}") = "project_03_LongestSubstringWithoutRepeatingCharacters", "project_03_LongestSubstringWithoutRepeatingCharacters\project_03_LongestSubstringWithoutRepeatingCharacters.csproj", "{2F8EA0C1-AD69-460C-BE53-F2FF771DD711}"
EndProject
Project("{9A19103F-16F7-4668-BE54-9A1E7A4F7556}") = "project_01_Two Sum_2", "project_01_Two Sum_2\project_01_Two Sum_2.csproj", "{CA6FDFCE-369F-4A7E-8942-39CAB3833464}"
EndProject
Project("{9A19103F-16F7-4668-BE54-9A1E7A4F7556}") = "project_02_AddTwoNumbers_2", "project_02_AddTwoNumbers_2\project_02_AddTwoNumbers_2.csproj", "{F82D776A-19E5-4608-B3B5-C345750FB0EE}"
EndProject
Project("{9A19103F-16F7-4668-BE54-9A1E7A4F7556}") = "project_03_LongestSubstringWithoutRepeatingCharacters_2", "project_03_LongestSubstringWithoutRepeatingCharacters_2\project_03_LongestSubstringWithoutRepeatingCharacters_2.csproj", "{C8F9D8B0-BDEF-440A-9914-3E2057316E2F}"
EndProject
Project("{9A19103F-16F7-4668-BE54-9A1E7A4F7556}") = "project_03_LongestSubstringWithoutRepeatingCharacters_3", "project_03_LongestSubstringWithoutRepeatingCharacters_3\project_03_LongestSubstringWithoutRepeatingCharacters_3.csproj", "{1C04EE54-56E2-4BF5-919A-2FA5C431A0BB}"
EndProject
Project("{9A19103F-16F7-4668-BE54-9A1E7A4F7556}") = "project_04_MedianOfTwoSortedArrays", "project_04_MedianOfTwoSortedArrays\project_04_MedianOfTwoSortedArrays.csproj", "{9DEB8502-6DB6-4B2F-B599-CE7F1DDB29E9}"
EndProject
Project("{9A19103F-16F7-4668-BE54-9A1E7A4F7556}") = "project_05_LongestPalindromicSubstring", "project_05_LongestPalindromicSubstring\project_05_LongestPalindromicSubstring.csproj", "{9CB66242-1BFA-498B-B8CD-20BAF6CD0854}"
EndProject
Project("{9A19103F-16F7-4668-BE54-9A1E7A4F7556}") = "project_06_ZigzagConversion", "project_06_ZigzagConversion\project_06_ZigzagConversion.csproj", "{FC9D8347-0D3F-484A-8CFD-B496D538FF37}"
EndProject
Project("{9A19103F-16F7-4668-BE54-9A1E7A4F7556}") = "project_05_LongestPalindromicSubstring_2", "project_05_LongestPalindromicSubstring_2\project_05_LongestPalindromicSubstring_2.csproj", "{F49045E5-0505-464E-A710-98D68DA2FC9D}"
EndProject
Project("{9A19103F-16F7-4668-BE54-9A1E7A4F7556}") = "project_05_LongestPalindromicSubstring_3", "project_05_LongestPalindromicSubstring_3\project_05_LongestPalindromicSubstring_3.csproj", "{EAC5EACB-DC11-444A-B5F5-C289A0D1DF1A}"
EndProject
Project("{9A19103F-16F7-4668-BE54-9A1E7A4F7556}") = "project_06_ZigzagConversion_2", "project_06_ZigzagConversion_2\project_06_ZigzagConversion_2.csproj", "{ACDF6DA1-0E4A-4D83-90E6-FFF44CCA2D41}"
EndProject
Project("{9A19103F-16F7-4668-BE54-9A1E7A4F7556}") = "project_06_ZigzagConversion_3", "project_06_ZigzagConversion_3\project_06_ZigzagConversion_3.csproj", "{41B2F6BA-843A-4CC3-B4F8-B95081BABC55}"
EndProject
Project("{9A19103F-16F7-4668-BE54-9A1E7A4F7556}") = "project_06_ZigzagConversion_4", "project_06_ZigzagConversion_4\project_06_ZigzagConversion_4.csproj", "{B655573F-69B1-46FE-9F17-0507DAF721FC}"
EndProject
Project("{9A19103F-16F7-4668-BE54-9A1E7A4F7556}") = "project_07_ReverseInteger", "project_07_ReverseInteger\project_07_ReverseInteger.csproj", "{37403E5E-AEFA-4825-B429-57EE134D4F93}"
EndProject
Project("{9A19103F-16F7-4668-BE54-9A1E7A4F7556}") = "project_07_ReverseInteger_2", "project_07_ReverseInteger_2\project_07_ReverseInteger_2.csproj", "{CFF2CF78-3D93-4618-8BCC-B0879EB99AC0}"
EndProject
Project("{9A19103F-16F7-4668-BE54-9A1E7A4F7556}") = "project_07_ReverseInteger_3", "project_07_ReverseInteger_3\project_07_ReverseInteger_3.csproj", "{83311989-E419-4255-90E8-2094D013DEFD}"
EndProject
Project("{9A19103F-16F7-4668-BE54-9A1E7A4F7556}") = "project_07_ReverseInteger_4", "project_07_ReverseInteger_4\project_07_ReverseInteger_4.csproj", "{6FE5D6FC-4A45-4541-8488-1186FCEF8C1D}"
EndProject
Project("{9A19103F-16F7-4668-BE54-9A1E7A4F7556}") = "project_07_ReverseInteger_5", "project_07_ReverseInteger_5\project_07_ReverseInteger_5.csproj", "{08E76D40-F363-4EB7-ABF0-C36B1194EAE0}"
EndProject
Project("{9A19103F-16F7-4668-BE54-9A1E7A4F7556}") = "project_07_ReverseInteger_6", "project_07_ReverseInteger_6\project_07_ReverseInteger_6.csproj", "{004CC750-423D-4F45-8EF0-B1B588CD91DE}"
EndProject
Project("{9A19103F-16F7-4668-BE54-9A1E7A4F7556}") = "project_08_StringToInteger (atoi)", "project_08_StringToInteger (atoi)\project_08_StringToInteger (atoi).csproj", "{D1C5EFF6-BCAE-4535-A3EC-24DB2B3DEC3A}"
EndProject
Project("{9A19103F-16F7-4668-BE54-9A1E7A4F7556}") = "project_08_StringToInteger (atoi)_2", "project_08_StringToInteger (atoi)_2\project_08_StringToInteger (atoi)_2.csproj", "{979E03B0-2FAD-4E3A-9366-7B081462D31D}"
EndProject
Project("{9A19103F-16F7-4668-BE54-9A1E7A4F7556}") = "project_09_PalindromeNumber", "project_09_PalindromeNumber\project_09_PalindromeNumber.csproj", "{4897B6EE-EAAE-44E6-83EB-7E33ED039942}"
EndProject
Project("{9A19103F-16F7-4668-BE54-9A1E7A4F7556}") = "project_09_PalindromeNumber_2", "project_09_PalindromeNumber_2\project_09_PalindromeNumber_2.csproj", "{3DCEE2A2-FE82-4C15-8661-E4D2CA6BC5A7}"
EndProject
Project("{9A19103F-16F7-4668-BE54-9A1E7A4F7556}") = "project_10_RegularExpressionMatching", "project_10_RegularExpressionMatching\project_10_RegularExpressionMatching.csproj", "{5B5BED20-AD0B-4C00-A962-C4A1EE617DC2}"
EndProject
Project("{9A19103F-16F7-4668-BE54-9A1E7A4F7556}") = "project_10_RegularExpressionMatchin_2", "project_10_RegularExpressionMatchin_2\project_10_RegularExpressionMatchin_2.csproj", "{771F5E5F-2080-46F2-9BF4-DE5984306841}"
EndProject
Project("{9A19103F-16F7-4668-BE54-9A1E7A4F7556}") = "project_11_ContainerWithMostWater", "project_11_ContainerWithMostWater\project_11_ContainerWithMostWater.csproj", "{FD7D0912-EB03-4BA8-A75F-A84FAE4F992A}"
EndProject
Project("{9A19103F-16F7-4668-BE54-9A1E7A4F7556}") = "project_11_ContainerWithMostWater_2", "project_11_ContainerWithMostWater_2\project_11_ContainerWithMostWater_2.csproj", "{FFEFDE10-058B-4742-A75C-91F77C3BF31D}"
EndProject
Project("{9A19103F-16F7-4668-BE54-9A1E7A4F7556}") = "project_11_ContainerWithMostWater_3", "project_11_ContainerWithMostWater_3\project_11_ContainerWithMostWater_3.csproj", "{34CC1B52-9A8A-4D24-8C97-F5D2C5FFCE50}"
EndProject
Project("{9A19103F-16F7-4668-BE54-9A1E7A4F7556}") = "project_11_ContainerWithMostWater_4", "project_11_ContainerWithMostWater_4\project_11_ContainerWithMostWater_4.csproj", "{F4941738-8CD3-445E-98E1-5F312DC73CBA}"
EndProject
Project("{9A19103F-16F7-4668-BE54-9A1E7A4F7556}") = "project_11_ContainerWithMostWater_5", "project_11_ContainerWithMostWater_5\project_11_ContainerWithMostWater_5.csproj", "{EB434712-5624-4A64-BCFB-82DE20F63709}"
EndProject
Project("{9A19103F-16F7-4668-BE54-9A1E7A4F7556}") = "project_12_IntegerToRoman", "project_12_IntegerToRoman\project_12_IntegerToRoman.csproj", "{C4359485-FBB2-4C4C-90C2-FDD20A2A2E1D}"
EndProject
Project("{9A19103F-16F7-4668-BE54-9A1E7A4F7556}") = "project_12_IntegerToRoman_2", "project_12_IntegerToRoman_2\project_12_IntegerToRoman_2.csproj", "{1AD933F2-8F0A-492F-8BE7-BA3643DA71DE}"
EndProject
Project("{9A19103F-16F7-4668-BE54-9A1E7A4F7556}") = "project_12_IntegerToRoman_3", "project_12_IntegerToRoman_3\project_12_IntegerToRoman_3.csproj", "{A6F0DFB4-41A1-496B-832E-DE1ACC9B6C4B}"
EndProject
Project("{9A19103F-16F7-4668-BE54-9A1E7A4F7556}") = "project_13_ RomanToInteger", "project_13_ RomanToInteger\project_13_ RomanToInteger.csproj", "{71036589-889E-498C-B5EF-CB40082F6891}"
EndProject
Project("{9A19103F-16F7-4668-BE54-9A1E7A4F7556}") = "project_13_ RomanToInteger_2", "project_13_ RomanToInteger_2\project_13_ RomanToInteger_2.csproj", "{B88D87D6-DADE-4E33-B6F2-6DFC0B12D387}"
EndProject
Project("{9A19103F-16F7-4668-BE54-9A1E7A4F7556}") = "project_13_ RomanToInteger_3", "project_13_ RomanToInteger_3\project_13_ RomanToInteger_3.csproj", "{3162EAB2-A2BE-4E1B-AC9A-72CBA1D64558}"
EndProject
Project("{9A19103F-16F7-4668-BE54-9A1E7A4F7556}") = "project_14_LongestCommonPrefix", "project_14_LongestCommonPrefix\project_14_LongestCommonPrefix.csproj", "{BCF2C676-C6A2-4707-A839-21E90C7AD4B7}"
EndProject
Project("{9A19103F-16F7-4668-BE54-9A1E7A4F7556}") = "project_14_LongestCommonPrefix_2", "project_14_LongestCommonPrefix_2\project_14_LongestCommonPrefix_2.csproj", "{B7334A60-2CC0-4EEA-8600-1E4149C109FB}"
EndProject
Project("{FAE04EC0-301F-11D3-BF4B-00C04F79EFBC}") = "project_14_LongestCommonPrefix_3", "project_14_LongestCommonPrefix_3\project_14_LongestCommonPrefix_3.csproj", "{7DCDA596-DBE1-40FE-BD98-9ABF13AC2B4E}"
EndProject
Project("{FAE04EC0-301F-11D3-BF4B-00C04F79EFBC}") = "project_15_3Sum", "project_15_3Sum\project_15_3Sum.csproj", "{725D1F18-BBD8-4070-BE0F-D9738BAEA5A1}"
EndProject
Global
	GlobalSection(SolutionConfigurationPlatforms) = preSolution
		Debug|Any CPU = Debug|Any CPU
		Release|Any CPU = Release|Any CPU
	EndGlobalSection
	GlobalSection(ProjectConfigurationPlatforms) = postSolution
		{E98F266B-21C9-478F-9257-73D63C207284}.Debug|Any CPU.ActiveCfg = Debug|Any CPU
		{E98F266B-21C9-478F-9257-73D63C207284}.Debug|Any CPU.Build.0 = Debug|Any CPU
		{E98F266B-21C9-478F-9257-73D63C207284}.Release|Any CPU.ActiveCfg = Release|Any CPU
		{E98F266B-21C9-478F-9257-73D63C207284}.Release|Any CPU.Build.0 = Release|Any CPU
		{2B217CAF-B237-44E2-BFBD-8FB75C49F9EB}.Debug|Any CPU.ActiveCfg = Debug|Any CPU
		{2B217CAF-B237-44E2-BFBD-8FB75C49F9EB}.Debug|Any CPU.Build.0 = Debug|Any CPU
		{2B217CAF-B237-44E2-BFBD-8FB75C49F9EB}.Release|Any CPU.ActiveCfg = Release|Any CPU
		{2B217CAF-B237-44E2-BFBD-8FB75C49F9EB}.Release|Any CPU.Build.0 = Release|Any CPU
		{2F8EA0C1-AD69-460C-BE53-F2FF771DD711}.Debug|Any CPU.ActiveCfg = Debug|Any CPU
		{2F8EA0C1-AD69-460C-BE53-F2FF771DD711}.Debug|Any CPU.Build.0 = Debug|Any CPU
		{2F8EA0C1-AD69-460C-BE53-F2FF771DD711}.Release|Any CPU.ActiveCfg = Release|Any CPU
		{2F8EA0C1-AD69-460C-BE53-F2FF771DD711}.Release|Any CPU.Build.0 = Release|Any CPU
		{CA6FDFCE-369F-4A7E-8942-39CAB3833464}.Debug|Any CPU.ActiveCfg = Debug|Any CPU
		{CA6FDFCE-369F-4A7E-8942-39CAB3833464}.Debug|Any CPU.Build.0 = Debug|Any CPU
		{CA6FDFCE-369F-4A7E-8942-39CAB3833464}.Release|Any CPU.ActiveCfg = Release|Any CPU
		{CA6FDFCE-369F-4A7E-8942-39CAB3833464}.Release|Any CPU.Build.0 = Release|Any CPU
		{F82D776A-19E5-4608-B3B5-C345750FB0EE}.Debug|Any CPU.ActiveCfg = Debug|Any CPU
		{F82D776A-19E5-4608-B3B5-C345750FB0EE}.Debug|Any CPU.Build.0 = Debug|Any CPU
		{F82D776A-19E5-4608-B3B5-C345750FB0EE}.Release|Any CPU.ActiveCfg = Release|Any CPU
		{F82D776A-19E5-4608-B3B5-C345750FB0EE}.Release|Any CPU.Build.0 = Release|Any CPU
		{C8F9D8B0-BDEF-440A-9914-3E2057316E2F}.Debug|Any CPU.ActiveCfg = Debug|Any CPU
		{C8F9D8B0-BDEF-440A-9914-3E2057316E2F}.Debug|Any CPU.Build.0 = Debug|Any CPU
		{C8F9D8B0-BDEF-440A-9914-3E2057316E2F}.Release|Any CPU.ActiveCfg = Release|Any CPU
		{C8F9D8B0-BDEF-440A-9914-3E2057316E2F}.Release|Any CPU.Build.0 = Release|Any CPU
		{1C04EE54-56E2-4BF5-919A-2FA5C431A0BB}.Debug|Any CPU.ActiveCfg = Debug|Any CPU
		{1C04EE54-56E2-4BF5-919A-2FA5C431A0BB}.Debug|Any CPU.Build.0 = Debug|Any CPU
		{1C04EE54-56E2-4BF5-919A-2FA5C431A0BB}.Release|Any CPU.ActiveCfg = Release|Any CPU
		{1C04EE54-56E2-4BF5-919A-2FA5C431A0BB}.Release|Any CPU.Build.0 = Release|Any CPU
		{9DEB8502-6DB6-4B2F-B599-CE7F1DDB29E9}.Debug|Any CPU.ActiveCfg = Debug|Any CPU
		{9DEB8502-6DB6-4B2F-B599-CE7F1DDB29E9}.Debug|Any CPU.Build.0 = Debug|Any CPU
		{9DEB8502-6DB6-4B2F-B599-CE7F1DDB29E9}.Release|Any CPU.ActiveCfg = Release|Any CPU
		{9DEB8502-6DB6-4B2F-B599-CE7F1DDB29E9}.Release|Any CPU.Build.0 = Release|Any CPU
		{9CB66242-1BFA-498B-B8CD-20BAF6CD0854}.Debug|Any CPU.ActiveCfg = Debug|Any CPU
		{9CB66242-1BFA-498B-B8CD-20BAF6CD0854}.Debug|Any CPU.Build.0 = Debug|Any CPU
		{9CB66242-1BFA-498B-B8CD-20BAF6CD0854}.Release|Any CPU.ActiveCfg = Release|Any CPU
		{9CB66242-1BFA-498B-B8CD-20BAF6CD0854}.Release|Any CPU.Build.0 = Release|Any CPU
		{FC9D8347-0D3F-484A-8CFD-B496D538FF37}.Debug|Any CPU.ActiveCfg = Debug|Any CPU
		{FC9D8347-0D3F-484A-8CFD-B496D538FF37}.Debug|Any CPU.Build.0 = Debug|Any CPU
		{FC9D8347-0D3F-484A-8CFD-B496D538FF37}.Release|Any CPU.ActiveCfg = Release|Any CPU
		{FC9D8347-0D3F-484A-8CFD-B496D538FF37}.Release|Any CPU.Build.0 = Release|Any CPU
		{F49045E5-0505-464E-A710-98D68DA2FC9D}.Debug|Any CPU.ActiveCfg = Debug|Any CPU
		{F49045E5-0505-464E-A710-98D68DA2FC9D}.Debug|Any CPU.Build.0 = Debug|Any CPU
		{F49045E5-0505-464E-A710-98D68DA2FC9D}.Release|Any CPU.ActiveCfg = Release|Any CPU
		{F49045E5-0505-464E-A710-98D68DA2FC9D}.Release|Any CPU.Build.0 = Release|Any CPU
		{EAC5EACB-DC11-444A-B5F5-C289A0D1DF1A}.Debug|Any CPU.ActiveCfg = Debug|Any CPU
		{EAC5EACB-DC11-444A-B5F5-C289A0D1DF1A}.Debug|Any CPU.Build.0 = Debug|Any CPU
		{EAC5EACB-DC11-444A-B5F5-C289A0D1DF1A}.Release|Any CPU.ActiveCfg = Release|Any CPU
		{EAC5EACB-DC11-444A-B5F5-C289A0D1DF1A}.Release|Any CPU.Build.0 = Release|Any CPU
		{ACDF6DA1-0E4A-4D83-90E6-FFF44CCA2D41}.Debug|Any CPU.ActiveCfg = Debug|Any CPU
		{ACDF6DA1-0E4A-4D83-90E6-FFF44CCA2D41}.Debug|Any CPU.Build.0 = Debug|Any CPU
		{ACDF6DA1-0E4A-4D83-90E6-FFF44CCA2D41}.Release|Any CPU.ActiveCfg = Release|Any CPU
		{ACDF6DA1-0E4A-4D83-90E6-FFF44CCA2D41}.Release|Any CPU.Build.0 = Release|Any CPU
		{41B2F6BA-843A-4CC3-B4F8-B95081BABC55}.Debug|Any CPU.ActiveCfg = Debug|Any CPU
		{41B2F6BA-843A-4CC3-B4F8-B95081BABC55}.Debug|Any CPU.Build.0 = Debug|Any CPU
		{41B2F6BA-843A-4CC3-B4F8-B95081BABC55}.Release|Any CPU.ActiveCfg = Release|Any CPU
		{41B2F6BA-843A-4CC3-B4F8-B95081BABC55}.Release|Any CPU.Build.0 = Release|Any CPU
		{B655573F-69B1-46FE-9F17-0507DAF721FC}.Debug|Any CPU.ActiveCfg = Debug|Any CPU
		{B655573F-69B1-46FE-9F17-0507DAF721FC}.Debug|Any CPU.Build.0 = Debug|Any CPU
		{B655573F-69B1-46FE-9F17-0507DAF721FC}.Release|Any CPU.ActiveCfg = Release|Any CPU
		{B655573F-69B1-46FE-9F17-0507DAF721FC}.Release|Any CPU.Build.0 = Release|Any CPU
		{37403E5E-AEFA-4825-B429-57EE134D4F93}.Debug|Any CPU.ActiveCfg = Debug|Any CPU
		{37403E5E-AEFA-4825-B429-57EE134D4F93}.Debug|Any CPU.Build.0 = Debug|Any CPU
		{37403E5E-AEFA-4825-B429-57EE134D4F93}.Release|Any CPU.ActiveCfg = Release|Any CPU
		{37403E5E-AEFA-4825-B429-57EE134D4F93}.Release|Any CPU.Build.0 = Release|Any CPU
		{CFF2CF78-3D93-4618-8BCC-B0879EB99AC0}.Debug|Any CPU.ActiveCfg = Debug|Any CPU
		{CFF2CF78-3D93-4618-8BCC-B0879EB99AC0}.Debug|Any CPU.Build.0 = Debug|Any CPU
		{CFF2CF78-3D93-4618-8BCC-B0879EB99AC0}.Release|Any CPU.ActiveCfg = Release|Any CPU
		{CFF2CF78-3D93-4618-8BCC-B0879EB99AC0}.Release|Any CPU.Build.0 = Release|Any CPU
		{83311989-E419-4255-90E8-2094D013DEFD}.Debug|Any CPU.ActiveCfg = Debug|Any CPU
		{83311989-E419-4255-90E8-2094D013DEFD}.Debug|Any CPU.Build.0 = Debug|Any CPU
		{83311989-E419-4255-90E8-2094D013DEFD}.Release|Any CPU.ActiveCfg = Release|Any CPU
		{83311989-E419-4255-90E8-2094D013DEFD}.Release|Any CPU.Build.0 = Release|Any CPU
		{6FE5D6FC-4A45-4541-8488-1186FCEF8C1D}.Debug|Any CPU.ActiveCfg = Debug|Any CPU
		{6FE5D6FC-4A45-4541-8488-1186FCEF8C1D}.Debug|Any CPU.Build.0 = Debug|Any CPU
		{6FE5D6FC-4A45-4541-8488-1186FCEF8C1D}.Release|Any CPU.ActiveCfg = Release|Any CPU
		{6FE5D6FC-4A45-4541-8488-1186FCEF8C1D}.Release|Any CPU.Build.0 = Release|Any CPU
		{08E76D40-F363-4EB7-ABF0-C36B1194EAE0}.Debug|Any CPU.ActiveCfg = Debug|Any CPU
		{08E76D40-F363-4EB7-ABF0-C36B1194EAE0}.Debug|Any CPU.Build.0 = Debug|Any CPU
		{08E76D40-F363-4EB7-ABF0-C36B1194EAE0}.Release|Any CPU.ActiveCfg = Release|Any CPU
		{08E76D40-F363-4EB7-ABF0-C36B1194EAE0}.Release|Any CPU.Build.0 = Release|Any CPU
		{004CC750-423D-4F45-8EF0-B1B588CD91DE}.Debug|Any CPU.ActiveCfg = Debug|Any CPU
		{004CC750-423D-4F45-8EF0-B1B588CD91DE}.Debug|Any CPU.Build.0 = Debug|Any CPU
		{004CC750-423D-4F45-8EF0-B1B588CD91DE}.Release|Any CPU.ActiveCfg = Release|Any CPU
		{004CC750-423D-4F45-8EF0-B1B588CD91DE}.Release|Any CPU.Build.0 = Release|Any CPU
		{D1C5EFF6-BCAE-4535-A3EC-24DB2B3DEC3A}.Debug|Any CPU.ActiveCfg = Debug|Any CPU
		{D1C5EFF6-BCAE-4535-A3EC-24DB2B3DEC3A}.Debug|Any CPU.Build.0 = Debug|Any CPU
		{D1C5EFF6-BCAE-4535-A3EC-24DB2B3DEC3A}.Release|Any CPU.ActiveCfg = Release|Any CPU
		{D1C5EFF6-BCAE-4535-A3EC-24DB2B3DEC3A}.Release|Any CPU.Build.0 = Release|Any CPU
		{979E03B0-2FAD-4E3A-9366-7B081462D31D}.Debug|Any CPU.ActiveCfg = Debug|Any CPU
		{979E03B0-2FAD-4E3A-9366-7B081462D31D}.Debug|Any CPU.Build.0 = Debug|Any CPU
		{979E03B0-2FAD-4E3A-9366-7B081462D31D}.Release|Any CPU.ActiveCfg = Release|Any CPU
		{979E03B0-2FAD-4E3A-9366-7B081462D31D}.Release|Any CPU.Build.0 = Release|Any CPU
		{4897B6EE-EAAE-44E6-83EB-7E33ED039942}.Debug|Any CPU.ActiveCfg = Debug|Any CPU
		{4897B6EE-EAAE-44E6-83EB-7E33ED039942}.Debug|Any CPU.Build.0 = Debug|Any CPU
		{4897B6EE-EAAE-44E6-83EB-7E33ED039942}.Release|Any CPU.ActiveCfg = Release|Any CPU
		{4897B6EE-EAAE-44E6-83EB-7E33ED039942}.Release|Any CPU.Build.0 = Release|Any CPU
		{3DCEE2A2-FE82-4C15-8661-E4D2CA6BC5A7}.Debug|Any CPU.ActiveCfg = Debug|Any CPU
		{3DCEE2A2-FE82-4C15-8661-E4D2CA6BC5A7}.Debug|Any CPU.Build.0 = Debug|Any CPU
		{3DCEE2A2-FE82-4C15-8661-E4D2CA6BC5A7}.Release|Any CPU.ActiveCfg = Release|Any CPU
		{3DCEE2A2-FE82-4C15-8661-E4D2CA6BC5A7}.Release|Any CPU.Build.0 = Release|Any CPU
		{5B5BED20-AD0B-4C00-A962-C4A1EE617DC2}.Debug|Any CPU.ActiveCfg = Debug|Any CPU
		{5B5BED20-AD0B-4C00-A962-C4A1EE617DC2}.Debug|Any CPU.Build.0 = Debug|Any CPU
		{5B5BED20-AD0B-4C00-A962-C4A1EE617DC2}.Release|Any CPU.ActiveCfg = Release|Any CPU
		{5B5BED20-AD0B-4C00-A962-C4A1EE617DC2}.Release|Any CPU.Build.0 = Release|Any CPU
		{771F5E5F-2080-46F2-9BF4-DE5984306841}.Debug|Any CPU.ActiveCfg = Debug|Any CPU
		{771F5E5F-2080-46F2-9BF4-DE5984306841}.Debug|Any CPU.Build.0 = Debug|Any CPU
		{771F5E5F-2080-46F2-9BF4-DE5984306841}.Release|Any CPU.ActiveCfg = Release|Any CPU
		{771F5E5F-2080-46F2-9BF4-DE5984306841}.Release|Any CPU.Build.0 = Release|Any CPU
		{FD7D0912-EB03-4BA8-A75F-A84FAE4F992A}.Debug|Any CPU.ActiveCfg = Debug|Any CPU
		{FD7D0912-EB03-4BA8-A75F-A84FAE4F992A}.Debug|Any CPU.Build.0 = Debug|Any CPU
		{FD7D0912-EB03-4BA8-A75F-A84FAE4F992A}.Release|Any CPU.ActiveCfg = Release|Any CPU
		{FD7D0912-EB03-4BA8-A75F-A84FAE4F992A}.Release|Any CPU.Build.0 = Release|Any CPU
		{FFEFDE10-058B-4742-A75C-91F77C3BF31D}.Debug|Any CPU.ActiveCfg = Debug|Any CPU
		{FFEFDE10-058B-4742-A75C-91F77C3BF31D}.Debug|Any CPU.Build.0 = Debug|Any CPU
		{FFEFDE10-058B-4742-A75C-91F77C3BF31D}.Release|Any CPU.ActiveCfg = Release|Any CPU
		{FFEFDE10-058B-4742-A75C-91F77C3BF31D}.Release|Any CPU.Build.0 = Release|Any CPU
		{34CC1B52-9A8A-4D24-8C97-F5D2C5FFCE50}.Debug|Any CPU.ActiveCfg = Debug|Any CPU
		{34CC1B52-9A8A-4D24-8C97-F5D2C5FFCE50}.Debug|Any CPU.Build.0 = Debug|Any CPU
		{34CC1B52-9A8A-4D24-8C97-F5D2C5FFCE50}.Release|Any CPU.ActiveCfg = Release|Any CPU
		{34CC1B52-9A8A-4D24-8C97-F5D2C5FFCE50}.Release|Any CPU.Build.0 = Release|Any CPU
		{F4941738-8CD3-445E-98E1-5F312DC73CBA}.Debug|Any CPU.ActiveCfg = Debug|Any CPU
		{F4941738-8CD3-445E-98E1-5F312DC73CBA}.Debug|Any CPU.Build.0 = Debug|Any CPU
		{F4941738-8CD3-445E-98E1-5F312DC73CBA}.Release|Any CPU.ActiveCfg = Release|Any CPU
		{F4941738-8CD3-445E-98E1-5F312DC73CBA}.Release|Any CPU.Build.0 = Release|Any CPU
		{EB434712-5624-4A64-BCFB-82DE20F63709}.Debug|Any CPU.ActiveCfg = Debug|Any CPU
		{EB434712-5624-4A64-BCFB-82DE20F63709}.Debug|Any CPU.Build.0 = Debug|Any CPU
		{EB434712-5624-4A64-BCFB-82DE20F63709}.Release|Any CPU.ActiveCfg = Release|Any CPU
		{EB434712-5624-4A64-BCFB-82DE20F63709}.Release|Any CPU.Build.0 = Release|Any CPU
		{C4359485-FBB2-4C4C-90C2-FDD20A2A2E1D}.Debug|Any CPU.ActiveCfg = Debug|Any CPU
		{C4359485-FBB2-4C4C-90C2-FDD20A2A2E1D}.Debug|Any CPU.Build.0 = Debug|Any CPU
		{C4359485-FBB2-4C4C-90C2-FDD20A2A2E1D}.Release|Any CPU.ActiveCfg = Release|Any CPU
		{C4359485-FBB2-4C4C-90C2-FDD20A2A2E1D}.Release|Any CPU.Build.0 = Release|Any CPU
		{1AD933F2-8F0A-492F-8BE7-BA3643DA71DE}.Debug|Any CPU.ActiveCfg = Debug|Any CPU
		{1AD933F2-8F0A-492F-8BE7-BA3643DA71DE}.Debug|Any CPU.Build.0 = Debug|Any CPU
		{1AD933F2-8F0A-492F-8BE7-BA3643DA71DE}.Release|Any CPU.ActiveCfg = Release|Any CPU
		{1AD933F2-8F0A-492F-8BE7-BA3643DA71DE}.Release|Any CPU.Build.0 = Release|Any CPU
		{A6F0DFB4-41A1-496B-832E-DE1ACC9B6C4B}.Debug|Any CPU.ActiveCfg = Debug|Any CPU
		{A6F0DFB4-41A1-496B-832E-DE1ACC9B6C4B}.Debug|Any CPU.Build.0 = Debug|Any CPU
		{A6F0DFB4-41A1-496B-832E-DE1ACC9B6C4B}.Release|Any CPU.ActiveCfg = Release|Any CPU
		{A6F0DFB4-41A1-496B-832E-DE1ACC9B6C4B}.Release|Any CPU.Build.0 = Release|Any CPU
		{71036589-889E-498C-B5EF-CB40082F6891}.Debug|Any CPU.ActiveCfg = Debug|Any CPU
		{71036589-889E-498C-B5EF-CB40082F6891}.Debug|Any CPU.Build.0 = Debug|Any CPU
		{71036589-889E-498C-B5EF-CB40082F6891}.Release|Any CPU.ActiveCfg = Release|Any CPU
		{71036589-889E-498C-B5EF-CB40082F6891}.Release|Any CPU.Build.0 = Release|Any CPU
		{B88D87D6-DADE-4E33-B6F2-6DFC0B12D387}.Debug|Any CPU.ActiveCfg = Debug|Any CPU
		{B88D87D6-DADE-4E33-B6F2-6DFC0B12D387}.Debug|Any CPU.Build.0 = Debug|Any CPU
		{B88D87D6-DADE-4E33-B6F2-6DFC0B12D387}.Release|Any CPU.ActiveCfg = Release|Any CPU
		{B88D87D6-DADE-4E33-B6F2-6DFC0B12D387}.Release|Any CPU.Build.0 = Release|Any CPU
		{3162EAB2-A2BE-4E1B-AC9A-72CBA1D64558}.Debug|Any CPU.ActiveCfg = Debug|Any CPU
		{3162EAB2-A2BE-4E1B-AC9A-72CBA1D64558}.Debug|Any CPU.Build.0 = Debug|Any CPU
		{3162EAB2-A2BE-4E1B-AC9A-72CBA1D64558}.Release|Any CPU.ActiveCfg = Release|Any CPU
		{3162EAB2-A2BE-4E1B-AC9A-72CBA1D64558}.Release|Any CPU.Build.0 = Release|Any CPU
		{BCF2C676-C6A2-4707-A839-21E90C7AD4B7}.Debug|Any CPU.ActiveCfg = Debug|Any CPU
		{BCF2C676-C6A2-4707-A839-21E90C7AD4B7}.Debug|Any CPU.Build.0 = Debug|Any CPU
		{BCF2C676-C6A2-4707-A839-21E90C7AD4B7}.Release|Any CPU.ActiveCfg = Release|Any CPU
		{BCF2C676-C6A2-4707-A839-21E90C7AD4B7}.Release|Any CPU.Build.0 = Release|Any CPU
		{B7334A60-2CC0-4EEA-8600-1E4149C109FB}.Debug|Any CPU.ActiveCfg = Debug|Any CPU
		{B7334A60-2CC0-4EEA-8600-1E4149C109FB}.Debug|Any CPU.Build.0 = Debug|Any CPU
		{B7334A60-2CC0-4EEA-8600-1E4149C109FB}.Release|Any CPU.ActiveCfg = Release|Any CPU
		{B7334A60-2CC0-4EEA-8600-1E4149C109FB}.Release|Any CPU.Build.0 = Release|Any CPU
		{7DCDA596-DBE1-40FE-BD98-9ABF13AC2B4E}.Debug|Any CPU.ActiveCfg = Debug|Any CPU
		{7DCDA596-DBE1-40FE-BD98-9ABF13AC2B4E}.Debug|Any CPU.Build.0 = Debug|Any CPU
		{7DCDA596-DBE1-40FE-BD98-9ABF13AC2B4E}.Release|Any CPU.ActiveCfg = Release|Any CPU
		{7DCDA596-DBE1-40FE-BD98-9ABF13AC2B4E}.Release|Any CPU.Build.0 = Release|Any CPU
		{725D1F18-BBD8-4070-BE0F-D9738BAEA5A1}.Debug|Any CPU.ActiveCfg = Debug|Any CPU
		{725D1F18-BBD8-4070-BE0F-D9738BAEA5A1}.Debug|Any CPU.Build.0 = Debug|Any CPU
		{725D1F18-BBD8-4070-BE0F-D9738BAEA5A1}.Release|Any CPU.ActiveCfg = Release|Any CPU
		{725D1F18-BBD8-4070-BE0F-D9738BAEA5A1}.Release|Any CPU.Build.0 = Release|Any CPU
	EndGlobalSection
	GlobalSection(SolutionProperties) = preSolution
		HideSolutionNode = FALSE
	EndGlobalSection
	GlobalSection(ExtensibilityGlobals) = postSolution
		SolutionGuid = {297A01E6-ABFE-40B6-8D8E-F5E6B51B01E0}
	EndGlobalSection
EndGlobal
