
Microsoft Visual Studio Solution File, Format Version 12.00
# Visual Studio Version 17
VisualStudioVersion = 17.8.34601.278
MinimumVisualStudioVersion = 10.0.40219.1
Project("{9A19103F-16F7-4668-BE54-9A1E7A4F7556}") = "project_01_Two Sum", "project_01_Two Sum\project_01_Two Sum.csproj", "{E98F266B-21C9-478F-9257-73D63C207284}"
EndProject
Project("{9A19103F-16F7-4668-BE54-9A1E7A4F7556}") = "project_02_AddTwoNumbers", "project_02_AddTwoNumbers\project_02_AddTwoNumbers.csproj", "{2B217CAF-B237-44E2-BFBD-8FB75C49F9EB}"
EndProject
Project("{9A19103F-16F7-4668-BE54-9A1E7A4F7556}") = "project_03_LongestSubstringWithoutRepeatingCharacters", "project_03_LongestSubstringWithoutRepeatingCharacters\project_03_LongestSubstringWithoutRepeatingCharacters.csproj", "{2F8EA0C1-AD69-460C-BE53-F2FF771DD711}"
EndProject
Project("{FAE04EC0-301F-11D3-BF4B-00C04F79EFBC}") = "project_01_Two Sum_2", "project_01_Two Sum_2\project_01_Two Sum_2.csproj", "{CA6FDFCE-369F-4A7E-8942-39CAB3833464}"
EndProject
Project("{FAE04EC0-301F-11D3-BF4B-00C04F79EFBC}") = "project_02_AddTwoNumbers_2", "project_02_AddTwoNumbers_2\project_02_AddTwoNumbers_2.csproj", "{F82D776A-19E5-4608-B3B5-C345750FB0EE}"
EndProject
Global
	GlobalSection(SolutionConfigurationPlatforms) = preSolution
		Debug|Any CPU = Debug|Any CPU
		Release|Any CPU = Release|Any CPU
	EndGlobalSection
	GlobalSection(ProjectConfigurationPlatforms) = postSolution
		{E98F266B-21C9-478F-9257-73D63C207284}.Debug|Any CPU.ActiveCfg = Debug|Any CPU
		{E98F266B-21C9-478F-9257-73D63C207284}.Debug|Any CPU.Build.0 = Debug|Any CPU
		{E98F266B-21C9-478F-9257-73D63C207284}.Release|Any CPU.ActiveCfg = Release|Any CPU
		{E98F266B-21C9-478F-9257-73D63C207284}.Release|Any CPU.Build.0 = Release|Any CPU
		{2B217CAF-B237-44E2-BFBD-8FB75C49F9EB}.Debug|Any CPU.ActiveCfg = Debug|Any CPU
		{2B217CAF-B237-44E2-BFBD-8FB75C49F9EB}.Debug|Any CPU.Build.0 = Debug|Any CPU
		{2B217CAF-B237-44E2-BFBD-8FB75C49F9EB}.Release|Any CPU.ActiveCfg = Release|Any CPU
		{2B217CAF-B237-44E2-BFBD-8FB75C49F9EB}.Release|Any CPU.Build.0 = Release|Any CPU
		{2F8EA0C1-AD69-460C-BE53-F2FF771DD711}.Debug|Any CPU.ActiveCfg = Debug|Any CPU
		{2F8EA0C1-AD69-460C-BE53-F2FF771DD711}.Debug|Any CPU.Build.0 = Debug|Any CPU
		{2F8EA0C1-AD69-460C-BE53-F2FF771DD711}.Release|Any CPU.ActiveCfg = Release|Any CPU
		{2F8EA0C1-AD69-460C-BE53-F2FF771DD711}.Release|Any CPU.Build.0 = Release|Any CPU
		{CA6FDFCE-369F-4A7E-8942-39CAB3833464}.Debug|Any CPU.ActiveCfg = Debug|Any CPU
		{CA6FDFCE-369F-4A7E-8942-39CAB3833464}.Debug|Any CPU.Build.0 = Debug|Any CPU
		{CA6FDFCE-369F-4A7E-8942-39CAB3833464}.Release|Any CPU.ActiveCfg = Release|Any CPU
		{CA6FDFCE-369F-4A7E-8942-39CAB3833464}.Release|Any CPU.Build.0 = Release|Any CPU
		{F82D776A-19E5-4608-B3B5-C345750FB0EE}.Debug|Any CPU.ActiveCfg = Debug|Any CPU
		{F82D776A-19E5-4608-B3B5-C345750FB0EE}.Debug|Any CPU.Build.0 = Debug|Any CPU
		{F82D776A-19E5-4608-B3B5-C345750FB0EE}.Release|Any CPU.ActiveCfg = Release|Any CPU
		{F82D776A-19E5-4608-B3B5-C345750FB0EE}.Release|Any CPU.Build.0 = Release|Any CPU
	EndGlobalSection
	GlobalSection(SolutionProperties) = preSolution
		HideSolutionNode = FALSE
	EndGlobalSection
	GlobalSection(ExtensibilityGlobals) = postSolution
		SolutionGuid = {297A01E6-ABFE-40B6-8D8E-F5E6B51B01E0}
	EndGlobalSection
EndGlobal
